// !$*UTF8*$!
{
	archiveVersion = 1;
	classes = {
	};
	objectVersion = 46;
	objects = {

/* Begin PBXBuildFile section */
		5A0CDF221C731EDA008DA29C /* ViewController.swift in Sources */ = {isa = PBXBuildFile; fileRef = 5A0CDF211C731EDA008DA29C /* ViewController.swift */; };
		5A0CDF251C731EDA008DA29C /* Main.storyboard in Resources */ = {isa = PBXBuildFile; fileRef = 5A0CDF231C731EDA008DA29C /* Main.storyboard */; };
		5A0CDF281C731EDA008DA29C /* myApp.xcdatamodeld in Sources */ = {isa = PBXBuildFile; fileRef = 5A0CDF261C731EDA008DA29C /* myApp.xcdatamodeld */; };
		5A0CDF2A1C731EDA008DA29C /* Assets.xcassets in Resources */ = {isa = PBXBuildFile; fileRef = 5A0CDF291C731EDA008DA29C /* Assets.xcassets */; };
		5A0CDF2D1C731EDA008DA29C /* LaunchScreen.storyboard in Resources */ = {isa = PBXBuildFile; fileRef = 5A0CDF2B1C731EDA008DA29C /* LaunchScreen.storyboard */; };
		5A0CDF381C731EDA008DA29C /* myAppTests.swift in Sources */ = {isa = PBXBuildFile; fileRef = 5A0CDF371C731EDA008DA29C /* myAppTests.swift */; };
		5A0CDF431C731EDA008DA29C /* myAppUITests.swift in Sources */ = {isa = PBXBuildFile; fileRef = 5A0CDF421C731EDA008DA29C /* myAppUITests.swift */; };
		5A0CDF511C7328A3008DA29C /* startViewController.swift in Sources */ = {isa = PBXBuildFile; fileRef = 5A0CDF501C7328A3008DA29C /* startViewController.swift */; };
		5A0CDF531C73290F008DA29C /* timeEditViewController.swift in Sources */ = {isa = PBXBuildFile; fileRef = 5A0CDF521C73290F008DA29C /* timeEditViewController.swift */; };
		5A0CDF551C73706A008DA29C /* wordsList.plist in Resources */ = {isa = PBXBuildFile; fileRef = 5A0CDF541C73706A008DA29C /* wordsList.plist */; };
		5A283CD91C8330F7004C3BBF /* SpringApp.app in Resources */ = {isa = PBXBuildFile; fileRef = 5AFBEECF1C83068E0044F227 /* SpringApp.app */; };
		5A283CDC1C833106004C3BBF /* SpringApp.app in Resources */ = {isa = PBXBuildFile; fileRef = 5AFBEECF1C83068E0044F227 /* SpringApp.app */; };
		5A283CDF1C83313F004C3BBF /* Spring.framework in Frameworks */ = {isa = PBXBuildFile; fileRef = 5AFBEED31C83068E0044F227 /* Spring.framework */; };
		5A283CE01C83313F004C3BBF /* Spring.framework in Embed Frameworks */ = {isa = PBXBuildFile; fileRef = 5AFBEED31C83068E0044F227 /* Spring.framework */; settings = {ATTRIBUTES = (CodeSignOnCopy, RemoveHeadersOnCopy, ); }; };
		5A2BE8621C7C2F6B00B7A88E /* listViewController.swift in Sources */ = {isa = PBXBuildFile; fileRef = 5A2BE8611C7C2F6B00B7A88E /* listViewController.swift */; };
		5A2BE8641C7C2F9B00B7A88E /* ideaList.plist in Resources */ = {isa = PBXBuildFile; fileRef = 5A2BE8631C7C2F9B00B7A88E /* ideaList.plist */; };
		5A82DB051C7BE4E90006A173 /* tableViewController.swift in Sources */ = {isa = PBXBuildFile; fileRef = 5A82DB041C7BE4E90006A173 /* tableViewController.swift */; };
		5AECF4A31C7E8FF0005ED932 /* cameraViewController.swift in Sources */ = {isa = PBXBuildFile; fileRef = 5AECF4A21C7E8FF0005ED932 /* cameraViewController.swift */; };
		5AFBEE9D1C83068E0044F227 /* .gitignore in Resources */ = {isa = PBXBuildFile; fileRef = 5AFBEE661C83068E0044F227 /* .gitignore */; };
		5AFBEE9E1C83068E0044F227 /* LICENSE in Resources */ = {isa = PBXBuildFile; fileRef = 5AFBEE671C83068E0044F227 /* LICENSE */; };
		5AFBEE9F1C83068E0044F227 /* README.md in Sources */ = {isa = PBXBuildFile; fileRef = 5AFBEE681C83068E0044F227 /* README.md */; };
		5AFBEEA01C83068E0044F227 /* AsyncButton.swift in Sources */ = {isa = PBXBuildFile; fileRef = 5AFBEE6A1C83068E0044F227 /* AsyncButton.swift */; };
		5AFBEEA11C83068E0044F227 /* AsyncImageView.swift in Sources */ = {isa = PBXBuildFile; fileRef = 5AFBEE6B1C83068E0044F227 /* AsyncImageView.swift */; };
		5AFBEEA21C83068E0044F227 /* AutoTextView.swift in Sources */ = {isa = PBXBuildFile; fileRef = 5AFBEE6C1C83068E0044F227 /* AutoTextView.swift */; };
		5AFBEEA31C83068E0044F227 /* BlurView.swift in Sources */ = {isa = PBXBuildFile; fileRef = 5AFBEE6D1C83068E0044F227 /* BlurView.swift */; };
		5AFBEEA41C83068E0044F227 /* DesignableButton.swift in Sources */ = {isa = PBXBuildFile; fileRef = 5AFBEE6E1C83068E0044F227 /* DesignableButton.swift */; };
		5AFBEEA51C83068E0044F227 /* DesignableImageView.swift in Sources */ = {isa = PBXBuildFile; fileRef = 5AFBEE6F1C83068E0044F227 /* DesignableImageView.swift */; };
		5AFBEEA61C83068E0044F227 /* DesignableLabel.swift in Sources */ = {isa = PBXBuildFile; fileRef = 5AFBEE701C83068E0044F227 /* DesignableLabel.swift */; };
		5AFBEEA71C83068E0044F227 /* DesignableTabBarController.swift in Sources */ = {isa = PBXBuildFile; fileRef = 5AFBEE711C83068E0044F227 /* DesignableTabBarController.swift */; };
		5AFBEEA81C83068E0044F227 /* DesignableTextField.swift in Sources */ = {isa = PBXBuildFile; fileRef = 5AFBEE721C83068E0044F227 /* DesignableTextField.swift */; };
		5AFBEEA91C83068E0044F227 /* DesignableTextView.swift in Sources */ = {isa = PBXBuildFile; fileRef = 5AFBEE731C83068E0044F227 /* DesignableTextView.swift */; };
		5AFBEEAA1C83068E0044F227 /* DesignableView.swift in Sources */ = {isa = PBXBuildFile; fileRef = 5AFBEE741C83068E0044F227 /* DesignableView.swift */; };
		5AFBEEAB1C83068E0044F227 /* ImageLoader.swift in Sources */ = {isa = PBXBuildFile; fileRef = 5AFBEE751C83068E0044F227 /* ImageLoader.swift */; };
		5AFBEEAC1C83068E0044F227 /* Info.plist in Resources */ = {isa = PBXBuildFile; fileRef = 5AFBEE761C83068E0044F227 /* Info.plist */; };
		5AFBEEAD1C83068E0044F227 /* KeyboardLayoutConstraint.swift in Sources */ = {isa = PBXBuildFile; fileRef = 5AFBEE771C83068E0044F227 /* KeyboardLayoutConstraint.swift */; };
		5AFBEEAE1C83068E0044F227 /* LoadingView.swift in Sources */ = {isa = PBXBuildFile; fileRef = 5AFBEE781C83068E0044F227 /* LoadingView.swift */; };
		5AFBEEAF1C83068E0044F227 /* LoadingView.xib in Resources */ = {isa = PBXBuildFile; fileRef = 5AFBEE791C83068E0044F227 /* LoadingView.xib */; };
		5AFBEEB01C83068E0044F227 /* Misc.swift in Sources */ = {isa = PBXBuildFile; fileRef = 5AFBEE7A1C83068E0044F227 /* Misc.swift */; };
		5AFBEEB11C83068E0044F227 /* SoundPlayer.swift in Sources */ = {isa = PBXBuildFile; fileRef = 5AFBEE7B1C83068E0044F227 /* SoundPlayer.swift */; };
		5AFBEEB21C83068E0044F227 /* Spring.swift in Sources */ = {isa = PBXBuildFile; fileRef = 5AFBEE7D1C83068E0044F227 /* Spring.swift */; };
		5AFBEEB31C83068E0044F227 /* SpringAnimation.swift in Sources */ = {isa = PBXBuildFile; fileRef = 5AFBEE7E1C83068E0044F227 /* SpringAnimation.swift */; };
		5AFBEEB41C83068E0044F227 /* SpringButton.swift in Sources */ = {isa = PBXBuildFile; fileRef = 5AFBEE7F1C83068E0044F227 /* SpringButton.swift */; };
		5AFBEEB51C83068E0044F227 /* SpringImageView.swift in Sources */ = {isa = PBXBuildFile; fileRef = 5AFBEE801C83068E0044F227 /* SpringImageView.swift */; };
		5AFBEEB61C83068E0044F227 /* SpringLabel.swift in Sources */ = {isa = PBXBuildFile; fileRef = 5AFBEE811C83068E0044F227 /* SpringLabel.swift */; };
		5AFBEEB71C83068E0044F227 /* SpringTextField.swift in Sources */ = {isa = PBXBuildFile; fileRef = 5AFBEE821C83068E0044F227 /* SpringTextField.swift */; };
		5AFBEEB81C83068E0044F227 /* SpringTextView.swift in Sources */ = {isa = PBXBuildFile; fileRef = 5AFBEE831C83068E0044F227 /* SpringTextView.swift */; };
		5AFBEEB91C83068E0044F227 /* SpringView.swift in Sources */ = {isa = PBXBuildFile; fileRef = 5AFBEE841C83068E0044F227 /* SpringView.swift */; };
		5AFBEEBA1C83068E0044F227 /* TransitionManager.swift in Sources */ = {isa = PBXBuildFile; fileRef = 5AFBEE851C83068E0044F227 /* TransitionManager.swift */; };
		5AFBEEBB1C83068E0044F227 /* TransitionZoom.swift in Sources */ = {isa = PBXBuildFile; fileRef = 5AFBEE861C83068E0044F227 /* TransitionZoom.swift */; };
		5AFBEEBC1C83068E0044F227 /* UnwindSegue.swift in Sources */ = {isa = PBXBuildFile; fileRef = 5AFBEE871C83068E0044F227 /* UnwindSegue.swift */; };
		5AFBEEBD1C83068E0044F227 /* Spring.podspec in Resources */ = {isa = PBXBuildFile; fileRef = 5AFBEE881C83068E0044F227 /* Spring.podspec */; };
		5AFBEEBE1C83068E0044F227 /* AppDelegate.swift in Sources */ = {isa = PBXBuildFile; fileRef = 5AFBEE8A1C83068E0044F227 /* AppDelegate.swift */; };
		5AFBEEBF1C83068E0044F227 /* LaunchScreen.xib in Resources */ = {isa = PBXBuildFile; fileRef = 5AFBEE8B1C83068E0044F227 /* LaunchScreen.xib */; };
		5AFBEEC01C83068E0044F227 /* Main.storyboard in Resources */ = {isa = PBXBuildFile; fileRef = 5AFBEE8D1C83068E0044F227 /* Main.storyboard */; };
		5AFBEEC11C83068E0044F227 /* CodeViewController.swift in Sources */ = {isa = PBXBuildFile; fileRef = 5AFBEE8F1C83068E0044F227 /* CodeViewController.swift */; };
		5AFBEEC21C83068E0044F227 /* Images.xcassets in Resources */ = {isa = PBXBuildFile; fileRef = 5AFBEE901C83068E0044F227 /* Images.xcassets */; };
		5AFBEEC31C83068E0044F227 /* Info.plist in Resources */ = {isa = PBXBuildFile; fileRef = 5AFBEE911C83068E0044F227 /* Info.plist */; };
		5AFBEEC41C83068E0044F227 /* OptionsViewController.swift in Sources */ = {isa = PBXBuildFile; fileRef = 5AFBEE921C83068E0044F227 /* OptionsViewController.swift */; };
		5AFBEEC51C83068E0044F227 /* SpringViewController.swift in Sources */ = {isa = PBXBuildFile; fileRef = 5AFBEE931C83068E0044F227 /* SpringViewController.swift */; };
		5AFBEEC61C83068E0044F227 /* Info.plist in Resources */ = {isa = PBXBuildFile; fileRef = 5AFBEE981C83068E0044F227 /* Info.plist */; };
		5AFBEEC71C83068E0044F227 /* SpringAppTests.swift in Sources */ = {isa = PBXBuildFile; fileRef = 5AFBEE991C83068E0044F227 /* SpringAppTests.swift */; };
		5AFBEEC81C83068E0044F227 /* Info.plist in Resources */ = {isa = PBXBuildFile; fileRef = 5AFBEE9B1C83068E0044F227 /* Info.plist */; };
		5AFBEEC91C83068E0044F227 /* SpringTests.swift in Sources */ = {isa = PBXBuildFile; fileRef = 5AFBEE9C1C83068E0044F227 /* SpringTests.swift */; };
/* End PBXBuildFile section */

/* Begin PBXContainerItemProxy section */
		5A0CDF341C731EDA008DA29C /* PBXContainerItemProxy */ = {
			isa = PBXContainerItemProxy;
			containerPortal = 5A0CDF141C731ED9008DA29C /* Project object */;
			proxyType = 1;
			remoteGlobalIDString = 5A0CDF1B1C731EDA008DA29C;
			remoteInfo = myApp;
		};
		5A0CDF3F1C731EDA008DA29C /* PBXContainerItemProxy */ = {
			isa = PBXContainerItemProxy;
			containerPortal = 5A0CDF141C731ED9008DA29C /* Project object */;
			proxyType = 1;
			remoteGlobalIDString = 5A0CDF1B1C731EDA008DA29C;
			remoteInfo = myApp;
		};
		5A283CDA1C8330F7004C3BBF /* PBXContainerItemProxy */ = {
			isa = PBXContainerItemProxy;
			containerPortal = 5AFBEE941C83068E0044F227 /* SpringApp.xcodeproj */;
			proxyType = 1;
			remoteGlobalIDString = 9641173A1A5BE90A000E3A5A;
			remoteInfo = SpringApp;
		};
		5A283CDD1C833106004C3BBF /* PBXContainerItemProxy */ = {
			isa = PBXContainerItemProxy;
			containerPortal = 5AFBEE941C83068E0044F227 /* SpringApp.xcodeproj */;
			proxyType = 1;
			remoteGlobalIDString = 9641173A1A5BE90A000E3A5A;
			remoteInfo = SpringApp;
		};
		5A283CE11C83313F004C3BBF /* PBXContainerItemProxy */ = {
			isa = PBXContainerItemProxy;
			containerPortal = 5AFBEE941C83068E0044F227 /* SpringApp.xcodeproj */;
			proxyType = 1;
			remoteGlobalIDString = 1A4FDA321A6E44780099D309;
			remoteInfo = Spring;
		};
		5AFBEECE1C83068E0044F227 /* PBXContainerItemProxy */ = {
			isa = PBXContainerItemProxy;
			containerPortal = 5AFBEE941C83068E0044F227 /* SpringApp.xcodeproj */;
			proxyType = 2;
			remoteGlobalIDString = 9641173B1A5BE90A000E3A5A;
			remoteInfo = SpringApp;
		};
		5AFBEED01C83068E0044F227 /* PBXContainerItemProxy */ = {
			isa = PBXContainerItemProxy;
			containerPortal = 5AFBEE941C83068E0044F227 /* SpringApp.xcodeproj */;
			proxyType = 2;
			remoteGlobalIDString = 964117501A5BE90A000E3A5A;
			remoteInfo = SpringAppTests;
		};
		5AFBEED21C83068E0044F227 /* PBXContainerItemProxy */ = {
			isa = PBXContainerItemProxy;
			containerPortal = 5AFBEE941C83068E0044F227 /* SpringApp.xcodeproj */;
			proxyType = 2;
			remoteGlobalIDString = 1A4FDA331A6E44780099D309;
			remoteInfo = Spring;
		};
		5AFBEED41C83068E0044F227 /* PBXContainerItemProxy */ = {
			isa = PBXContainerItemProxy;
			containerPortal = 5AFBEE941C83068E0044F227 /* SpringApp.xcodeproj */;
			proxyType = 2;
			remoteGlobalIDString = 1A4FDA3D1A6E44780099D309;
			remoteInfo = SpringTests;
		};
/* End PBXContainerItemProxy section */

/* Begin PBXCopyFilesBuildPhase section */
		5A283CE31C83313F004C3BBF /* Embed Frameworks */ = {
			isa = PBXCopyFilesBuildPhase;
			buildActionMask = 2147483647;
			dstPath = "";
			dstSubfolderSpec = 10;
			files = (
				5A283CE01C83313F004C3BBF /* Spring.framework in Embed Frameworks */,
			);
			name = "Embed Frameworks";
			runOnlyForDeploymentPostprocessing = 0;
		};
/* End PBXCopyFilesBuildPhase section */

/* Begin PBXFileReference section */
		5A0CDF1C1C731EDA008DA29C /* myApp.app */ = {isa = PBXFileReference; explicitFileType = wrapper.application; includeInIndex = 0; path = myApp.app; sourceTree = BUILT_PRODUCTS_DIR; };
		5A0CDF1F1C731EDA008DA29C /* AppDelegate.swift */ = {isa = PBXFileReference; lastKnownFileType = sourcecode.swift; path = AppDelegate.swift; sourceTree = "<group>"; };
		5A0CDF211C731EDA008DA29C /* ViewController.swift */ = {isa = PBXFileReference; lastKnownFileType = sourcecode.swift; path = ViewController.swift; sourceTree = "<group>"; };
		5A0CDF241C731EDA008DA29C /* Base */ = {isa = PBXFileReference; lastKnownFileType = file.storyboard; name = Base; path = Base.lproj/Main.storyboard; sourceTree = "<group>"; };
		5A0CDF271C731EDA008DA29C /* myApp.xcdatamodel */ = {isa = PBXFileReference; lastKnownFileType = wrapper.xcdatamodel; path = myApp.xcdatamodel; sourceTree = "<group>"; };
		5A0CDF291C731EDA008DA29C /* Assets.xcassets */ = {isa = PBXFileReference; lastKnownFileType = folder.assetcatalog; path = Assets.xcassets; sourceTree = "<group>"; };
		5A0CDF2C1C731EDA008DA29C /* Base */ = {isa = PBXFileReference; lastKnownFileType = file.storyboard; name = Base; path = Base.lproj/LaunchScreen.storyboard; sourceTree = "<group>"; };
		5A0CDF2E1C731EDA008DA29C /* Info.plist */ = {isa = PBXFileReference; lastKnownFileType = text.plist.xml; path = Info.plist; sourceTree = "<group>"; };
		5A0CDF331C731EDA008DA29C /* myAppTests.xctest */ = {isa = PBXFileReference; explicitFileType = wrapper.cfbundle; includeInIndex = 0; path = myAppTests.xctest; sourceTree = BUILT_PRODUCTS_DIR; };
		5A0CDF371C731EDA008DA29C /* myAppTests.swift */ = {isa = PBXFileReference; lastKnownFileType = sourcecode.swift; path = myAppTests.swift; sourceTree = "<group>"; };
		5A0CDF391C731EDA008DA29C /* Info.plist */ = {isa = PBXFileReference; lastKnownFileType = text.plist.xml; path = Info.plist; sourceTree = "<group>"; };
		5A0CDF3E1C731EDA008DA29C /* myAppUITests.xctest */ = {isa = PBXFileReference; explicitFileType = wrapper.cfbundle; includeInIndex = 0; path = myAppUITests.xctest; sourceTree = BUILT_PRODUCTS_DIR; };
		5A0CDF421C731EDA008DA29C /* myAppUITests.swift */ = {isa = PBXFileReference; lastKnownFileType = sourcecode.swift; path = myAppUITests.swift; sourceTree = "<group>"; };
		5A0CDF441C731EDA008DA29C /* Info.plist */ = {isa = PBXFileReference; lastKnownFileType = text.plist.xml; path = Info.plist; sourceTree = "<group>"; };
		5A0CDF501C7328A3008DA29C /* startViewController.swift */ = {isa = PBXFileReference; fileEncoding = 4; lastKnownFileType = sourcecode.swift; name = startViewController.swift; path = ../startViewController.swift; sourceTree = "<group>"; };
		5A0CDF521C73290F008DA29C /* timeEditViewController.swift */ = {isa = PBXFileReference; fileEncoding = 4; lastKnownFileType = sourcecode.swift; name = timeEditViewController.swift; path = ../timeEditViewController.swift; sourceTree = "<group>"; };
		5A0CDF541C73706A008DA29C /* wordsList.plist */ = {isa = PBXFileReference; fileEncoding = 4; lastKnownFileType = text.plist.xml; name = wordsList.plist; path = ../wordsList.plist; sourceTree = "<group>"; };
		5A2BE8611C7C2F6B00B7A88E /* listViewController.swift */ = {isa = PBXFileReference; fileEncoding = 4; lastKnownFileType = sourcecode.swift; name = listViewController.swift; path = ../listViewController.swift; sourceTree = "<group>"; };
		5A2BE8631C7C2F9B00B7A88E /* ideaList.plist */ = {isa = PBXFileReference; fileEncoding = 4; lastKnownFileType = text.plist.xml; path = ideaList.plist; sourceTree = "<group>"; };
		5A82DB041C7BE4E90006A173 /* tableViewController.swift */ = {isa = PBXFileReference; fileEncoding = 4; lastKnownFileType = sourcecode.swift; path = tableViewController.swift; sourceTree = "<group>"; };
		5AECF4A21C7E8FF0005ED932 /* cameraViewController.swift */ = {isa = PBXFileReference; fileEncoding = 4; lastKnownFileType = sourcecode.swift; path = cameraViewController.swift; sourceTree = "<group>"; };
		5AFBEE661C83068E0044F227 /* .gitignore */ = {isa = PBXFileReference; fileEncoding = 4; lastKnownFileType = text; path = .gitignore; sourceTree = "<group>"; };
		5AFBEE671C83068E0044F227 /* LICENSE */ = {isa = PBXFileReference; fileEncoding = 4; lastKnownFileType = text; path = LICENSE; sourceTree = "<group>"; };
		5AFBEE681C83068E0044F227 /* README.md */ = {isa = PBXFileReference; fileEncoding = 4; lastKnownFileType = net.daringfireball.markdown; path = README.md; sourceTree = "<group>"; };
		5AFBEE6A1C83068E0044F227 /* AsyncButton.swift */ = {isa = PBXFileReference; fileEncoding = 4; lastKnownFileType = sourcecode.swift; path = AsyncButton.swift; sourceTree = "<group>"; };
		5AFBEE6B1C83068E0044F227 /* AsyncImageView.swift */ = {isa = PBXFileReference; fileEncoding = 4; lastKnownFileType = sourcecode.swift; path = AsyncImageView.swift; sourceTree = "<group>"; };
		5AFBEE6C1C83068E0044F227 /* AutoTextView.swift */ = {isa = PBXFileReference; fileEncoding = 4; lastKnownFileType = sourcecode.swift; path = AutoTextView.swift; sourceTree = "<group>"; };
		5AFBEE6D1C83068E0044F227 /* BlurView.swift */ = {isa = PBXFileReference; fileEncoding = 4; lastKnownFileType = sourcecode.swift; path = BlurView.swift; sourceTree = "<group>"; };
		5AFBEE6E1C83068E0044F227 /* DesignableButton.swift */ = {isa = PBXFileReference; fileEncoding = 4; lastKnownFileType = sourcecode.swift; path = DesignableButton.swift; sourceTree = "<group>"; };
		5AFBEE6F1C83068E0044F227 /* DesignableImageView.swift */ = {isa = PBXFileReference; fileEncoding = 4; lastKnownFileType = sourcecode.swift; path = DesignableImageView.swift; sourceTree = "<group>"; };
		5AFBEE701C83068E0044F227 /* DesignableLabel.swift */ = {isa = PBXFileReference; fileEncoding = 4; lastKnownFileType = sourcecode.swift; path = DesignableLabel.swift; sourceTree = "<group>"; };
		5AFBEE711C83068E0044F227 /* DesignableTabBarController.swift */ = {isa = PBXFileReference; fileEncoding = 4; lastKnownFileType = sourcecode.swift; path = DesignableTabBarController.swift; sourceTree = "<group>"; };
		5AFBEE721C83068E0044F227 /* DesignableTextField.swift */ = {isa = PBXFileReference; fileEncoding = 4; lastKnownFileType = sourcecode.swift; path = DesignableTextField.swift; sourceTree = "<group>"; };
		5AFBEE731C83068E0044F227 /* DesignableTextView.swift */ = {isa = PBXFileReference; fileEncoding = 4; lastKnownFileType = sourcecode.swift; path = DesignableTextView.swift; sourceTree = "<group>"; };
		5AFBEE741C83068E0044F227 /* DesignableView.swift */ = {isa = PBXFileReference; fileEncoding = 4; lastKnownFileType = sourcecode.swift; path = DesignableView.swift; sourceTree = "<group>"; };
		5AFBEE751C83068E0044F227 /* ImageLoader.swift */ = {isa = PBXFileReference; fileEncoding = 4; lastKnownFileType = sourcecode.swift; path = ImageLoader.swift; sourceTree = "<group>"; };
		5AFBEE761C83068E0044F227 /* Info.plist */ = {isa = PBXFileReference; fileEncoding = 4; lastKnownFileType = text.plist.xml; path = Info.plist; sourceTree = "<group>"; };
		5AFBEE771C83068E0044F227 /* KeyboardLayoutConstraint.swift */ = {isa = PBXFileReference; fileEncoding = 4; lastKnownFileType = sourcecode.swift; path = KeyboardLayoutConstraint.swift; sourceTree = "<group>"; };
		5AFBEE781C83068E0044F227 /* LoadingView.swift */ = {isa = PBXFileReference; fileEncoding = 4; lastKnownFileType = sourcecode.swift; path = LoadingView.swift; sourceTree = "<group>"; };
		5AFBEE791C83068E0044F227 /* LoadingView.xib */ = {isa = PBXFileReference; fileEncoding = 4; lastKnownFileType = file.xib; path = LoadingView.xib; sourceTree = "<group>"; };
		5AFBEE7A1C83068E0044F227 /* Misc.swift */ = {isa = PBXFileReference; fileEncoding = 4; lastKnownFileType = sourcecode.swift; path = Misc.swift; sourceTree = "<group>"; };
		5AFBEE7B1C83068E0044F227 /* SoundPlayer.swift */ = {isa = PBXFileReference; fileEncoding = 4; lastKnownFileType = sourcecode.swift; path = SoundPlayer.swift; sourceTree = "<group>"; };
		5AFBEE7C1C83068E0044F227 /* Spring.h */ = {isa = PBXFileReference; fileEncoding = 4; lastKnownFileType = sourcecode.c.h; path = Spring.h; sourceTree = "<group>"; };
		5AFBEE7D1C83068E0044F227 /* Spring.swift */ = {isa = PBXFileReference; fileEncoding = 4; lastKnownFileType = sourcecode.swift; path = Spring.swift; sourceTree = "<group>"; };
		5AFBEE7E1C83068E0044F227 /* SpringAnimation.swift */ = {isa = PBXFileReference; fileEncoding = 4; lastKnownFileType = sourcecode.swift; path = SpringAnimation.swift; sourceTree = "<group>"; };
		5AFBEE7F1C83068E0044F227 /* SpringButton.swift */ = {isa = PBXFileReference; fileEncoding = 4; lastKnownFileType = sourcecode.swift; path = SpringButton.swift; sourceTree = "<group>"; };
		5AFBEE801C83068E0044F227 /* SpringImageView.swift */ = {isa = PBXFileReference; fileEncoding = 4; lastKnownFileType = sourcecode.swift; path = SpringImageView.swift; sourceTree = "<group>"; };
		5AFBEE811C83068E0044F227 /* SpringLabel.swift */ = {isa = PBXFileReference; fileEncoding = 4; lastKnownFileType = sourcecode.swift; path = SpringLabel.swift; sourceTree = "<group>"; };
		5AFBEE821C83068E0044F227 /* SpringTextField.swift */ = {isa = PBXFileReference; fileEncoding = 4; lastKnownFileType = sourcecode.swift; path = SpringTextField.swift; sourceTree = "<group>"; };
		5AFBEE831C83068E0044F227 /* SpringTextView.swift */ = {isa = PBXFileReference; fileEncoding = 4; lastKnownFileType = sourcecode.swift; path = SpringTextView.swift; sourceTree = "<group>"; };
		5AFBEE841C83068E0044F227 /* SpringView.swift */ = {isa = PBXFileReference; fileEncoding = 4; lastKnownFileType = sourcecode.swift; path = SpringView.swift; sourceTree = "<group>"; };
		5AFBEE851C83068E0044F227 /* TransitionManager.swift */ = {isa = PBXFileReference; fileEncoding = 4; lastKnownFileType = sourcecode.swift; path = TransitionManager.swift; sourceTree = "<group>"; };
		5AFBEE861C83068E0044F227 /* TransitionZoom.swift */ = {isa = PBXFileReference; fileEncoding = 4; lastKnownFileType = sourcecode.swift; path = TransitionZoom.swift; sourceTree = "<group>"; };
		5AFBEE871C83068E0044F227 /* UnwindSegue.swift */ = {isa = PBXFileReference; fileEncoding = 4; lastKnownFileType = sourcecode.swift; path = UnwindSegue.swift; sourceTree = "<group>"; };
		5AFBEE881C83068E0044F227 /* Spring.podspec */ = {isa = PBXFileReference; fileEncoding = 4; lastKnownFileType = text; path = Spring.podspec; sourceTree = "<group>"; };
		5AFBEE8A1C83068E0044F227 /* AppDelegate.swift */ = {isa = PBXFileReference; fileEncoding = 4; lastKnownFileType = sourcecode.swift; path = AppDelegate.swift; sourceTree = "<group>"; };
		5AFBEE8C1C83068E0044F227 /* Base */ = {isa = PBXFileReference; lastKnownFileType = file.xib; name = Base; path = Base.lproj/LaunchScreen.xib; sourceTree = "<group>"; };
		5AFBEE8E1C83068E0044F227 /* Base */ = {isa = PBXFileReference; lastKnownFileType = file.storyboard; name = Base; path = Base.lproj/Main.storyboard; sourceTree = "<group>"; };
		5AFBEE8F1C83068E0044F227 /* CodeViewController.swift */ = {isa = PBXFileReference; fileEncoding = 4; lastKnownFileType = sourcecode.swift; path = CodeViewController.swift; sourceTree = "<group>"; };
		5AFBEE901C83068E0044F227 /* Images.xcassets */ = {isa = PBXFileReference; lastKnownFileType = folder.assetcatalog; path = Images.xcassets; sourceTree = "<group>"; };
		5AFBEE911C83068E0044F227 /* Info.plist */ = {isa = PBXFileReference; fileEncoding = 4; lastKnownFileType = text.plist.xml; path = Info.plist; sourceTree = "<group>"; };
		5AFBEE921C83068E0044F227 /* OptionsViewController.swift */ = {isa = PBXFileReference; fileEncoding = 4; lastKnownFileType = sourcecode.swift; path = OptionsViewController.swift; sourceTree = "<group>"; };
		5AFBEE931C83068E0044F227 /* SpringViewController.swift */ = {isa = PBXFileReference; fileEncoding = 4; lastKnownFileType = sourcecode.swift; path = SpringViewController.swift; sourceTree = "<group>"; };
		5AFBEE941C83068E0044F227 /* SpringApp.xcodeproj */ = {isa = PBXFileReference; lastKnownFileType = "wrapper.pb-project"; path = SpringApp.xcodeproj; sourceTree = "<group>"; };
		5AFBEE981C83068E0044F227 /* Info.plist */ = {isa = PBXFileReference; fileEncoding = 4; lastKnownFileType = text.plist.xml; path = Info.plist; sourceTree = "<group>"; };
		5AFBEE991C83068E0044F227 /* SpringAppTests.swift */ = {isa = PBXFileReference; fileEncoding = 4; lastKnownFileType = sourcecode.swift; path = SpringAppTests.swift; sourceTree = "<group>"; };
		5AFBEE9B1C83068E0044F227 /* Info.plist */ = {isa = PBXFileReference; fileEncoding = 4; lastKnownFileType = text.plist.xml; path = Info.plist; sourceTree = "<group>"; };
		5AFBEE9C1C83068E0044F227 /* SpringTests.swift */ = {isa = PBXFileReference; fileEncoding = 4; lastKnownFileType = sourcecode.swift; path = SpringTests.swift; sourceTree = "<group>"; };
/* End PBXFileReference section */

/* Begin PBXFrameworksBuildPhase section */
		5A0CDF191C731EDA008DA29C /* Frameworks */ = {
			isa = PBXFrameworksBuildPhase;
			buildActionMask = 2147483647;
			files = (
				5A283CDF1C83313F004C3BBF /* Spring.framework in Frameworks */,
			);
			runOnlyForDeploymentPostprocessing = 0;
		};
		5A0CDF301C731EDA008DA29C /* Frameworks */ = {
			isa = PBXFrameworksBuildPhase;
			buildActionMask = 2147483647;
			files = (
			);
			runOnlyForDeploymentPostprocessing = 0;
		};
		5A0CDF3B1C731EDA008DA29C /* Frameworks */ = {
			isa = PBXFrameworksBuildPhase;
			buildActionMask = 2147483647;
			files = (
			);
			runOnlyForDeploymentPostprocessing = 0;
		};
/* End PBXFrameworksBuildPhase section */

/* Begin PBXGroup section */
		5A0CDF131C731ED9008DA29C = {
			isa = PBXGroup;
			children = (
				5A0CDF1E1C731EDA008DA29C /* myApp */,
				5A0CDF361C731EDA008DA29C /* myAppTests */,
				5A0CDF411C731EDA008DA29C /* myAppUITests */,
				5A0CDF1D1C731EDA008DA29C /* Products */,
			);
			sourceTree = "<group>";
		};
		5A0CDF1D1C731EDA008DA29C /* Products */ = {
			isa = PBXGroup;
			children = (
				5A0CDF1C1C731EDA008DA29C /* myApp.app */,
				5A0CDF331C731EDA008DA29C /* myAppTests.xctest */,
				5A0CDF3E1C731EDA008DA29C /* myAppUITests.xctest */,
			);
			name = Products;
			sourceTree = "<group>";
		};
		5A0CDF1E1C731EDA008DA29C /* myApp */ = {
			isa = PBXGroup;
			children = (
				5AFBEE651C83068E0044F227 /* Spring-master */,
				5A0CDF1F1C731EDA008DA29C /* AppDelegate.swift */,
				5A0CDF211C731EDA008DA29C /* ViewController.swift */,
				5A0CDF501C7328A3008DA29C /* startViewController.swift */,
				5A0CDF521C73290F008DA29C /* timeEditViewController.swift */,
				5AECF4A21C7E8FF0005ED932 /* cameraViewController.swift */,
				5A82DB041C7BE4E90006A173 /* tableViewController.swift */,
				5A2BE8611C7C2F6B00B7A88E /* listViewController.swift */,
				5A0CDF231C731EDA008DA29C /* Main.storyboard */,
				5A0CDF291C731EDA008DA29C /* Assets.xcassets */,
				5A0CDF2B1C731EDA008DA29C /* LaunchScreen.storyboard */,
				5A0CDF2E1C731EDA008DA29C /* Info.plist */,
				5A0CDF541C73706A008DA29C /* wordsList.plist */,
				5A2BE8631C7C2F9B00B7A88E /* ideaList.plist */,
				5A0CDF261C731EDA008DA29C /* myApp.xcdatamodeld */,
			);
			path = myApp;
			sourceTree = "<group>";
		};
		5A0CDF361C731EDA008DA29C /* myAppTests */ = {
			isa = PBXGroup;
			children = (
				5A0CDF371C731EDA008DA29C /* myAppTests.swift */,
				5A0CDF391C731EDA008DA29C /* Info.plist */,
			);
			path = myAppTests;
			sourceTree = "<group>";
		};
		5A0CDF411C731EDA008DA29C /* myAppUITests */ = {
			isa = PBXGroup;
			children = (
				5A0CDF421C731EDA008DA29C /* myAppUITests.swift */,
				5A0CDF441C731EDA008DA29C /* Info.plist */,
			);
			path = myAppUITests;
			sourceTree = "<group>";
		};
		5AFBEE651C83068E0044F227 /* Spring-master */ = {
			isa = PBXGroup;
			children = (
				5AFBEE661C83068E0044F227 /* .gitignore */,
				5AFBEE671C83068E0044F227 /* LICENSE */,
				5AFBEE681C83068E0044F227 /* README.md */,
				5AFBEE691C83068E0044F227 /* Spring */,
				5AFBEE881C83068E0044F227 /* Spring.podspec */,
				5AFBEE891C83068E0044F227 /* SpringApp */,
				5AFBEE941C83068E0044F227 /* SpringApp.xcodeproj */,
				5AFBEE971C83068E0044F227 /* SpringAppTests */,
				5AFBEE9A1C83068E0044F227 /* SpringTests */,
			);
			path = "Spring-master";
			sourceTree = "<group>";
		};
		5AFBEE691C83068E0044F227 /* Spring */ = {
			isa = PBXGroup;
			children = (
				5AFBEE6A1C83068E0044F227 /* AsyncButton.swift */,
				5AFBEE6B1C83068E0044F227 /* AsyncImageView.swift */,
				5AFBEE6C1C83068E0044F227 /* AutoTextView.swift */,
				5AFBEE6D1C83068E0044F227 /* BlurView.swift */,
				5AFBEE6E1C83068E0044F227 /* DesignableButton.swift */,
				5AFBEE6F1C83068E0044F227 /* DesignableImageView.swift */,
				5AFBEE701C83068E0044F227 /* DesignableLabel.swift */,
				5AFBEE711C83068E0044F227 /* DesignableTabBarController.swift */,
				5AFBEE721C83068E0044F227 /* DesignableTextField.swift */,
				5AFBEE731C83068E0044F227 /* DesignableTextView.swift */,
				5AFBEE741C83068E0044F227 /* DesignableView.swift */,
				5AFBEE751C83068E0044F227 /* ImageLoader.swift */,
				5AFBEE761C83068E0044F227 /* Info.plist */,
				5AFBEE771C83068E0044F227 /* KeyboardLayoutConstraint.swift */,
				5AFBEE781C83068E0044F227 /* LoadingView.swift */,
				5AFBEE791C83068E0044F227 /* LoadingView.xib */,
				5AFBEE7A1C83068E0044F227 /* Misc.swift */,
				5AFBEE7B1C83068E0044F227 /* SoundPlayer.swift */,
				5AFBEE7C1C83068E0044F227 /* Spring.h */,
				5AFBEE7D1C83068E0044F227 /* Spring.swift */,
				5AFBEE7E1C83068E0044F227 /* SpringAnimation.swift */,
				5AFBEE7F1C83068E0044F227 /* SpringButton.swift */,
				5AFBEE801C83068E0044F227 /* SpringImageView.swift */,
				5AFBEE811C83068E0044F227 /* SpringLabel.swift */,
				5AFBEE821C83068E0044F227 /* SpringTextField.swift */,
				5AFBEE831C83068E0044F227 /* SpringTextView.swift */,
				5AFBEE841C83068E0044F227 /* SpringView.swift */,
				5AFBEE851C83068E0044F227 /* TransitionManager.swift */,
				5AFBEE861C83068E0044F227 /* TransitionZoom.swift */,
				5AFBEE871C83068E0044F227 /* UnwindSegue.swift */,
			);
			path = Spring;
			sourceTree = "<group>";
		};
		5AFBEE891C83068E0044F227 /* SpringApp */ = {
			isa = PBXGroup;
			children = (
				5AFBEE8A1C83068E0044F227 /* AppDelegate.swift */,
				5AFBEE8B1C83068E0044F227 /* LaunchScreen.xib */,
				5AFBEE8D1C83068E0044F227 /* Main.storyboard */,
				5AFBEE8F1C83068E0044F227 /* CodeViewController.swift */,
				5AFBEE901C83068E0044F227 /* Images.xcassets */,
				5AFBEE911C83068E0044F227 /* Info.plist */,
				5AFBEE921C83068E0044F227 /* OptionsViewController.swift */,
				5AFBEE931C83068E0044F227 /* SpringViewController.swift */,
			);
			path = SpringApp;
			sourceTree = "<group>";
		};
		5AFBEE951C83068E0044F227 /* Products */ = {
			isa = PBXGroup;
			children = (
				5AFBEECF1C83068E0044F227 /* SpringApp.app */,
				5AFBEED11C83068E0044F227 /* SpringAppTests.xctest */,
				5AFBEED31C83068E0044F227 /* Spring.framework */,
				5AFBEED51C83068E0044F227 /* SpringTests.xctest */,
			);
			name = Products;
			sourceTree = "<group>";
		};
		5AFBEE971C83068E0044F227 /* SpringAppTests */ = {
			isa = PBXGroup;
			children = (
				5AFBEE981C83068E0044F227 /* Info.plist */,
				5AFBEE991C83068E0044F227 /* SpringAppTests.swift */,
			);
			path = SpringAppTests;
			sourceTree = "<group>";
		};
		5AFBEE9A1C83068E0044F227 /* SpringTests */ = {
			isa = PBXGroup;
			children = (
				5AFBEE9B1C83068E0044F227 /* Info.plist */,
				5AFBEE9C1C83068E0044F227 /* SpringTests.swift */,
			);
			path = SpringTests;
			sourceTree = "<group>";
		};
/* End PBXGroup section */

/* Begin PBXNativeTarget section */
		5A0CDF1B1C731EDA008DA29C /* myApp */ = {
			isa = PBXNativeTarget;
			buildConfigurationList = 5A0CDF471C731EDA008DA29C /* Build configuration list for PBXNativeTarget "myApp" */;
			buildPhases = (
				5A0CDF181C731EDA008DA29C /* Sources */,
				5A0CDF191C731EDA008DA29C /* Frameworks */,
				5A0CDF1A1C731EDA008DA29C /* Resources */,
				5A283CE31C83313F004C3BBF /* Embed Frameworks */,
			);
			buildRules = (
			);
			dependencies = (
				5A283CDB1C8330F7004C3BBF /* PBXTargetDependency */,
				5A283CDE1C833106004C3BBF /* PBXTargetDependency */,
				5A283CE21C83313F004C3BBF /* PBXTargetDependency */,
			);
			name = myApp;
			productName = myApp;
			productReference = 5A0CDF1C1C731EDA008DA29C /* myApp.app */;
			productType = "com.apple.product-type.application";
		};
		5A0CDF321C731EDA008DA29C /* myAppTests */ = {
			isa = PBXNativeTarget;
			buildConfigurationList = 5A0CDF4A1C731EDA008DA29C /* Build configuration list for PBXNativeTarget "myAppTests" */;
			buildPhases = (
				5A0CDF2F1C731EDA008DA29C /* Sources */,
				5A0CDF301C731EDA008DA29C /* Frameworks */,
				5A0CDF311C731EDA008DA29C /* Resources */,
			);
			buildRules = (
			);
			dependencies = (
				5A0CDF351C731EDA008DA29C /* PBXTargetDependency */,
			);
			name = myAppTests;
			productName = myAppTests;
			productReference = 5A0CDF331C731EDA008DA29C /* myAppTests.xctest */;
			productType = "com.apple.product-type.bundle.unit-test";
		};
		5A0CDF3D1C731EDA008DA29C /* myAppUITests */ = {
			isa = PBXNativeTarget;
			buildConfigurationList = 5A0CDF4D1C731EDA008DA29C /* Build configuration list for PBXNativeTarget "myAppUITests" */;
			buildPhases = (
				5A0CDF3A1C731EDA008DA29C /* Sources */,
				5A0CDF3B1C731EDA008DA29C /* Frameworks */,
				5A0CDF3C1C731EDA008DA29C /* Resources */,
			);
			buildRules = (
			);
			dependencies = (
				5A0CDF401C731EDA008DA29C /* PBXTargetDependency */,
			);
			name = myAppUITests;
			productName = myAppUITests;
			productReference = 5A0CDF3E1C731EDA008DA29C /* myAppUITests.xctest */;
			productType = "com.apple.product-type.bundle.ui-testing";
		};
/* End PBXNativeTarget section */

/* Begin PBXProject section */
		5A0CDF141C731ED9008DA29C /* Project object */ = {
			isa = PBXProject;
			attributes = {
				LastSwiftUpdateCheck = 0720;
				LastUpgradeCheck = 0720;
				ORGANIZATIONNAME = "Tsubasa Takahashi";
				TargetAttributes = {
					5A0CDF1B1C731EDA008DA29C = {
						CreatedOnToolsVersion = 7.2.1;
						DevelopmentTeam = 96VTTCTLLN;
					};
					5A0CDF321C731EDA008DA29C = {
						CreatedOnToolsVersion = 7.2.1;
						TestTargetID = 5A0CDF1B1C731EDA008DA29C;
					};
					5A0CDF3D1C731EDA008DA29C = {
						CreatedOnToolsVersion = 7.2.1;
						TestTargetID = 5A0CDF1B1C731EDA008DA29C;
					};
				};
			};
			buildConfigurationList = 5A0CDF171C731ED9008DA29C /* Build configuration list for PBXProject "myApp" */;
			compatibilityVersion = "Xcode 3.2";
			developmentRegion = English;
			hasScannedForEncodings = 0;
			knownRegions = (
				en,
				Base,
			);
			mainGroup = 5A0CDF131C731ED9008DA29C;
			productRefGroup = 5A0CDF1D1C731EDA008DA29C /* Products */;
			projectDirPath = "";
			projectReferences = (
				{
					ProductGroup = 5AFBEE951C83068E0044F227 /* Products */;
					ProjectRef = 5AFBEE941C83068E0044F227 /* SpringApp.xcodeproj */;
				},
			);
			projectRoot = "";
			targets = (
				5A0CDF1B1C731EDA008DA29C /* myApp */,
				5A0CDF321C731EDA008DA29C /* myAppTests */,
				5A0CDF3D1C731EDA008DA29C /* myAppUITests */,
			);
		};
/* End PBXProject section */

/* Begin PBXReferenceProxy section */
		5AFBEECF1C83068E0044F227 /* SpringApp.app */ = {
			isa = PBXReferenceProxy;
			fileType = wrapper.application;
			path = SpringApp.app;
			remoteRef = 5AFBEECE1C83068E0044F227 /* PBXContainerItemProxy */;
			sourceTree = BUILT_PRODUCTS_DIR;
		};
		5AFBEED11C83068E0044F227 /* SpringAppTests.xctest */ = {
			isa = PBXReferenceProxy;
			fileType = wrapper.cfbundle;
			path = SpringAppTests.xctest;
			remoteRef = 5AFBEED01C83068E0044F227 /* PBXContainerItemProxy */;
			sourceTree = BUILT_PRODUCTS_DIR;
		};
		5AFBEED31C83068E0044F227 /* Spring.framework */ = {
			isa = PBXReferenceProxy;
			fileType = wrapper.framework;
			path = Spring.framework;
			remoteRef = 5AFBEED21C83068E0044F227 /* PBXContainerItemProxy */;
			sourceTree = BUILT_PRODUCTS_DIR;
		};
		5AFBEED51C83068E0044F227 /* SpringTests.xctest */ = {
			isa = PBXReferenceProxy;
			fileType = wrapper.cfbundle;
			path = SpringTests.xctest;
			remoteRef = 5AFBEED41C83068E0044F227 /* PBXContainerItemProxy */;
			sourceTree = BUILT_PRODUCTS_DIR;
		};
/* End PBXReferenceProxy section */

/* Begin PBXResourcesBuildPhase section */
		5A0CDF1A1C731EDA008DA29C /* Resources */ = {
			isa = PBXResourcesBuildPhase;
			buildActionMask = 2147483647;
			files = (
				5AFBEEC81C83068E0044F227 /* Info.plist in Resources */,
				5AFBEEAC1C83068E0044F227 /* Info.plist in Resources */,
				5A0CDF551C73706A008DA29C /* wordsList.plist in Resources */,
				5A0CDF2D1C731EDA008DA29C /* LaunchScreen.storyboard in Resources */,
				5AFBEEC21C83068E0044F227 /* Images.xcassets in Resources */,
				5A283CD91C8330F7004C3BBF /* SpringApp.app in Resources */,
				5AFBEEC01C83068E0044F227 /* Main.storyboard in Resources */,
				5AFBEEBD1C83068E0044F227 /* Spring.podspec in Resources */,
				5AFBEEC31C83068E0044F227 /* Info.plist in Resources */,
				5A0CDF2A1C731EDA008DA29C /* Assets.xcassets in Resources */,
				5A283CDC1C833106004C3BBF /* SpringApp.app in Resources */,
				5AFBEEC61C83068E0044F227 /* Info.plist in Resources */,
				5AFBEE9E1C83068E0044F227 /* LICENSE in Resources */,
				5A0CDF251C731EDA008DA29C /* Main.storyboard in Resources */,
				5AFBEEAF1C83068E0044F227 /* LoadingView.xib in Resources */,
				5AFBEE9D1C83068E0044F227 /* .gitignore in Resources */,
				5AFBEEBF1C83068E0044F227 /* LaunchScreen.xib in Resources */,
				5A2BE8641C7C2F9B00B7A88E /* ideaList.plist in Resources */,
			);
			runOnlyForDeploymentPostprocessing = 0;
		};
		5A0CDF311C731EDA008DA29C /* Resources */ = {
			isa = PBXResourcesBuildPhase;
			buildActionMask = 2147483647;
			files = (
			);
			runOnlyForDeploymentPostprocessing = 0;
		};
		5A0CDF3C1C731EDA008DA29C /* Resources */ = {
			isa = PBXResourcesBuildPhase;
			buildActionMask = 2147483647;
			files = (
			);
			runOnlyForDeploymentPostprocessing = 0;
		};
/* End PBXResourcesBuildPhase section */

/* Begin PBXSourcesBuildPhase section */
		5A0CDF181C731EDA008DA29C /* Sources */ = {
			isa = PBXSourcesBuildPhase;
			buildActionMask = 2147483647;
			files = (
				5AFBEEB41C83068E0044F227 /* SpringButton.swift in Sources */,
				5AFBEEC11C83068E0044F227 /* CodeViewController.swift in Sources */,
				5AFBEEC71C83068E0044F227 /* SpringAppTests.swift in Sources */,
				5AFBEEB11C83068E0044F227 /* SoundPlayer.swift in Sources */,
				5AFBEEB81C83068E0044F227 /* SpringTextView.swift in Sources */,
				5A0CDF281C731EDA008DA29C /* myApp.xcdatamodeld in Sources */,
				5AFBEEA81C83068E0044F227 /* DesignableTextField.swift in Sources */,
				5AFBEEA91C83068E0044F227 /* DesignableTextView.swift in Sources */,
				5AFBEEBB1C83068E0044F227 /* TransitionZoom.swift in Sources */,
				5AFBEEB71C83068E0044F227 /* SpringTextField.swift in Sources */,
				5AFBEEA51C83068E0044F227 /* DesignableImageView.swift in Sources */,
				5AECF4A31C7E8FF0005ED932 /* cameraViewController.swift in Sources */,
				5A2BE8621C7C2F6B00B7A88E /* listViewController.swift in Sources */,
				5A0CDF511C7328A3008DA29C /* startViewController.swift in Sources */,
				5A0CDF221C731EDA008DA29C /* ViewController.swift in Sources */,
				5AFBEEBE1C83068E0044F227 /* AppDelegate.swift in Sources */,
				5AFBEEAA1C83068E0044F227 /* DesignableView.swift in Sources */,
				5AFBEEB01C83068E0044F227 /* Misc.swift in Sources */,
				5AFBEEA11C83068E0044F227 /* AsyncImageView.swift in Sources */,
				5AFBEEA71C83068E0044F227 /* DesignableTabBarController.swift in Sources */,
				5AFBEEA21C83068E0044F227 /* AutoTextView.swift in Sources */,
				5AFBEEBC1C83068E0044F227 /* UnwindSegue.swift in Sources */,
				5AFBEEC41C83068E0044F227 /* OptionsViewController.swift in Sources */,
				5AFBEEB91C83068E0044F227 /* SpringView.swift in Sources */,
				5AFBEEC51C83068E0044F227 /* SpringViewController.swift in Sources */,
				5AFBEEB61C83068E0044F227 /* SpringLabel.swift in Sources */,
				5A82DB051C7BE4E90006A173 /* tableViewController.swift in Sources */,
				5AFBEEAD1C83068E0044F227 /* KeyboardLayoutConstraint.swift in Sources */,
				5AFBEEA01C83068E0044F227 /* AsyncButton.swift in Sources */,
				5AFBEEAB1C83068E0044F227 /* ImageLoader.swift in Sources */,
				5AFBEEC91C83068E0044F227 /* SpringTests.swift in Sources */,
				5AFBEEB21C83068E0044F227 /* Spring.swift in Sources */,
				5AFBEEBA1C83068E0044F227 /* TransitionManager.swift in Sources */,
				5AFBEEA41C83068E0044F227 /* DesignableButton.swift in Sources */,
				5AFBEEA31C83068E0044F227 /* BlurView.swift in Sources */,
				5AFBEE9F1C83068E0044F227 /* README.md in Sources */,
				5A0CDF531C73290F008DA29C /* timeEditViewController.swift in Sources */,
				5AFBEEA61C83068E0044F227 /* DesignableLabel.swift in Sources */,
				5AFBEEB31C83068E0044F227 /* SpringAnimation.swift in Sources */,
				5AFBEEAE1C83068E0044F227 /* LoadingView.swift in Sources */,
				5AFBEEB51C83068E0044F227 /* SpringImageView.swift in Sources */,
			);
			runOnlyForDeploymentPostprocessing = 0;
		};
		5A0CDF2F1C731EDA008DA29C /* Sources */ = {
			isa = PBXSourcesBuildPhase;
			buildActionMask = 2147483647;
			files = (
				5A0CDF381C731EDA008DA29C /* myAppTests.swift in Sources */,
			);
			runOnlyForDeploymentPostprocessing = 0;
		};
		5A0CDF3A1C731EDA008DA29C /* Sources */ = {
			isa = PBXSourcesBuildPhase;
			buildActionMask = 2147483647;
			files = (
				5A0CDF431C731EDA008DA29C /* myAppUITests.swift in Sources */,
			);
			runOnlyForDeploymentPostprocessing = 0;
		};
/* End PBXSourcesBuildPhase section */

/* Begin PBXTargetDependency section */
		5A0CDF351C731EDA008DA29C /* PBXTargetDependency */ = {
			isa = PBXTargetDependency;
			target = 5A0CDF1B1C731EDA008DA29C /* myApp */;
			targetProxy = 5A0CDF341C731EDA008DA29C /* PBXContainerItemProxy */;
		};
		5A0CDF401C731EDA008DA29C /* PBXTargetDependency */ = {
			isa = PBXTargetDependency;
			target = 5A0CDF1B1C731EDA008DA29C /* myApp */;
			targetProxy = 5A0CDF3F1C731EDA008DA29C /* PBXContainerItemProxy */;
		};
		5A283CDB1C8330F7004C3BBF /* PBXTargetDependency */ = {
			isa = PBXTargetDependency;
			name = SpringApp;
			targetProxy = 5A283CDA1C8330F7004C3BBF /* PBXContainerItemProxy */;
		};
		5A283CDE1C833106004C3BBF /* PBXTargetDependency */ = {
			isa = PBXTargetDependency;
			name = SpringApp;
			targetProxy = 5A283CDD1C833106004C3BBF /* PBXContainerItemProxy */;
		};
		5A283CE21C83313F004C3BBF /* PBXTargetDependency */ = {
			isa = PBXTargetDependency;
			name = Spring;
			targetProxy = 5A283CE11C83313F004C3BBF /* PBXContainerItemProxy */;
		};
/* End PBXTargetDependency section */

/* Begin PBXVariantGroup section */
		5A0CDF231C731EDA008DA29C /* Main.storyboard */ = {
			isa = PBXVariantGroup;
			children = (
				5A0CDF241C731EDA008DA29C /* Base */,
			);
			name = Main.storyboard;
			sourceTree = "<group>";
		};
		5A0CDF2B1C731EDA008DA29C /* LaunchScreen.storyboard */ = {
			isa = PBXVariantGroup;
			children = (
				5A0CDF2C1C731EDA008DA29C /* Base */,
			);
			name = LaunchScreen.storyboard;
			sourceTree = "<group>";
		};
		5AFBEE8B1C83068E0044F227 /* LaunchScreen.xib */ = {
			isa = PBXVariantGroup;
			children = (
				5AFBEE8C1C83068E0044F227 /* Base */,
			);
			name = LaunchScreen.xib;
			sourceTree = "<group>";
		};
		5AFBEE8D1C83068E0044F227 /* Main.storyboard */ = {
			isa = PBXVariantGroup;
			children = (
				5AFBEE8E1C83068E0044F227 /* Base */,
			);
			name = Main.storyboard;
			sourceTree = "<group>";
		};
/* End PBXVariantGroup section */

/* Begin XCBuildConfiguration section */
		5A0CDF451C731EDA008DA29C /* Debug */ = {
			isa = XCBuildConfiguration;
			buildSettings = {
				ALWAYS_SEARCH_USER_PATHS = NO;
				CLANG_CXX_LANGUAGE_STANDARD = "gnu++0x";
				CLANG_CXX_LIBRARY = "libc++";
				CLANG_ENABLE_MODULES = YES;
				CLANG_ENABLE_OBJC_ARC = YES;
				CLANG_WARN_BOOL_CONVERSION = YES;
				CLANG_WARN_CONSTANT_CONVERSION = YES;
				CLANG_WARN_DIRECT_OBJC_ISA_USAGE = YES_ERROR;
				CLANG_WARN_EMPTY_BODY = YES;
				CLANG_WARN_ENUM_CONVERSION = YES;
				CLANG_WARN_INT_CONVERSION = YES;
				CLANG_WARN_OBJC_ROOT_CLASS = YES_ERROR;
				CLANG_WARN_UNREACHABLE_CODE = YES;
				CLANG_WARN__DUPLICATE_METHOD_MATCH = YES;
				"CODE_SIGN_IDENTITY[sdk=iphoneos*]" = "iPhone Developer";
				COPY_PHASE_STRIP = NO;
				DEBUG_INFORMATION_FORMAT = dwarf;
				ENABLE_STRICT_OBJC_MSGSEND = YES;
				ENABLE_TESTABILITY = YES;
				GCC_C_LANGUAGE_STANDARD = gnu99;
				GCC_DYNAMIC_NO_PIC = NO;
				GCC_NO_COMMON_BLOCKS = YES;
				GCC_OPTIMIZATION_LEVEL = 0;
				GCC_PREPROCESSOR_DEFINITIONS = (
					"DEBUG=1",
					"$(inherited)",
				);
				GCC_WARN_64_TO_32_BIT_CONVERSION = YES;
				GCC_WARN_ABOUT_RETURN_TYPE = YES_ERROR;
				GCC_WARN_UNDECLARED_SELECTOR = YES;
				GCC_WARN_UNINITIALIZED_AUTOS = YES_AGGRESSIVE;
				GCC_WARN_UNUSED_FUNCTION = YES;
				GCC_WARN_UNUSED_VARIABLE = YES;
				IPHONEOS_DEPLOYMENT_TARGET = 9.2;
				MTL_ENABLE_DEBUG_INFO = YES;
				ONLY_ACTIVE_ARCH = YES;
				SDKROOT = iphoneos;
				SWIFT_OPTIMIZATION_LEVEL = "-Onone";
			};
			name = Debug;
		};
		5A0CDF461C731EDA008DA29C /* Release */ = {
			isa = XCBuildConfiguration;
			buildSettings = {
				ALWAYS_SEARCH_USER_PATHS = NO;
				CLANG_CXX_LANGUAGE_STANDARD = "gnu++0x";
				CLANG_CXX_LIBRARY = "libc++";
				CLANG_ENABLE_MODULES = YES;
				CLANG_ENABLE_OBJC_ARC = YES;
				CLANG_WARN_BOOL_CONVERSION = YES;
				CLANG_WARN_CONSTANT_CONVERSION = YES;
				CLANG_WARN_DIRECT_OBJC_ISA_USAGE = YES_ERROR;
				CLANG_WARN_EMPTY_BODY = YES;
				CLANG_WARN_ENUM_CONVERSION = YES;
				CLANG_WARN_INT_CONVERSION = YES;
				CLANG_WARN_OBJC_ROOT_CLASS = YES_ERROR;
				CLANG_WARN_UNREACHABLE_CODE = YES;
				CLANG_WARN__DUPLICATE_METHOD_MATCH = YES;
				"CODE_SIGN_IDENTITY[sdk=iphoneos*]" = "iPhone Developer";
				COPY_PHASE_STRIP = NO;
				DEBUG_INFORMATION_FORMAT = "dwarf-with-dsym";
				ENABLE_NS_ASSERTIONS = NO;
				ENABLE_STRICT_OBJC_MSGSEND = YES;
				GCC_C_LANGUAGE_STANDARD = gnu99;
				GCC_NO_COMMON_BLOCKS = YES;
				GCC_WARN_64_TO_32_BIT_CONVERSION = YES;
				GCC_WARN_ABOUT_RETURN_TYPE = YES_ERROR;
				GCC_WARN_UNDECLARED_SELECTOR = YES;
				GCC_WARN_UNINITIALIZED_AUTOS = YES_AGGRESSIVE;
				GCC_WARN_UNUSED_FUNCTION = YES;
				GCC_WARN_UNUSED_VARIABLE = YES;
				IPHONEOS_DEPLOYMENT_TARGET = 9.2;
				MTL_ENABLE_DEBUG_INFO = NO;
				SDKROOT = iphoneos;
				VALIDATE_PRODUCT = YES;
			};
			name = Release;
		};
		5A0CDF481C731EDA008DA29C /* Debug */ = {
			isa = XCBuildConfiguration;
			buildSettings = {
				ASSETCATALOG_COMPILER_APPICON_NAME = AppIcon;
				CODE_SIGN_IDENTITY = "iPhone Developer";
				"CODE_SIGN_IDENTITY[sdk=iphoneos*]" = "iPhone Developer";
				EMBEDDED_CONTENT_CONTAINS_SWIFT = YES;
				INFOPLIST_FILE = myApp/Info.plist;
				IPHONEOS_DEPLOYMENT_TARGET = 9.0;
				LD_RUNPATH_SEARCH_PATHS = "$(inherited) @executable_path/Frameworks";
				PRODUCT_BUNDLE_IDENTIFIER = com.tsubasatakahashi.myApp;
				PRODUCT_NAME = "$(TARGET_NAME)";
				PROVISIONING_PROFILE = "";
			};
			name = Debug;
		};
		5A0CDF491C731EDA008DA29C /* Release */ = {
			isa = XCBuildConfiguration;
			buildSettings = {
				ASSETCATALOG_COMPILER_APPICON_NAME = AppIcon;
				CODE_SIGN_IDENTITY = "iPhone Developer";
				"CODE_SIGN_IDENTITY[sdk=iphoneos*]" = "iPhone Developer";
				EMBEDDED_CONTENT_CONTAINS_SWIFT = YES;
				INFOPLIST_FILE = myApp/Info.plist;
				IPHONEOS_DEPLOYMENT_TARGET = 9.0;
				LD_RUNPATH_SEARCH_PATHS = "$(inherited) @executable_path/Frameworks";
				PRODUCT_BUNDLE_IDENTIFIER = com.tsubasatakahashi.myApp;
				PRODUCT_NAME = "$(TARGET_NAME)";
				PROVISIONING_PROFILE = "";
			};
			name = Release;
		};
		5A0CDF4B1C731EDA008DA29C /* Debug */ = {
			isa = XCBuildConfiguration;
			buildSettings = {
				BUNDLE_LOADER = "$(TEST_HOST)";
				INFOPLIST_FILE = myAppTests/Info.plist;
				LD_RUNPATH_SEARCH_PATHS = "$(inherited) @executable_path/Frameworks @loader_path/Frameworks";
				PRODUCT_BUNDLE_IDENTIFIER = com.tsubasatakahashi.myAppTests;
				PRODUCT_NAME = "$(TARGET_NAME)";
				TEST_HOST = "$(BUILT_PRODUCTS_DIR)/myApp.app/myApp";
			};
			name = Debug;
		};
		5A0CDF4C1C731EDA008DA29C /* Release */ = {
			isa = XCBuildConfiguration;
			buildSettings = {
				BUNDLE_LOADER = "$(TEST_HOST)";
				INFOPLIST_FILE = myAppTests/Info.plist;
				LD_RUNPATH_SEARCH_PATHS = "$(inherited) @executable_path/Frameworks @loader_path/Frameworks";
				PRODUCT_BUNDLE_IDENTIFIER = com.tsubasatakahashi.myAppTests;
				PRODUCT_NAME = "$(TARGET_NAME)";
				TEST_HOST = "$(BUILT_PRODUCTS_DIR)/myApp.app/myApp";
			};
			name = Release;
		};
		5A0CDF4E1C731EDA008DA29C /* Debug */ = {
			isa = XCBuildConfiguration;
			buildSettings = {
				INFOPLIST_FILE = myAppUITests/Info.plist;
				LD_RUNPATH_SEARCH_PATHS = "$(inherited) @executable_path/Frameworks @loader_path/Frameworks";
				PRODUCT_BUNDLE_IDENTIFIER = com.tsubasatakahashi.myAppUITests;
				PRODUCT_NAME = "$(TARGET_NAME)";
				TEST_TARGET_NAME = myApp;
				USES_XCTRUNNER = YES;
			};
			name = Debug;
		};
		5A0CDF4F1C731EDA008DA29C /* Release */ = {
			isa = XCBuildConfiguration;
			buildSettings = {
				INFOPLIST_FILE = myAppUITests/Info.plist;
				LD_RUNPATH_SEARCH_PATHS = "$(inherited) @executable_path/Frameworks @loader_path/Frameworks";
				PRODUCT_BUNDLE_IDENTIFIER = com.tsubasatakahashi.myAppUITests;
				PRODUCT_NAME = "$(TARGET_NAME)";
				TEST_TARGET_NAME = myApp;
				USES_XCTRUNNER = YES;
			};
			name = Release;
		};
/* End XCBuildConfiguration section */

/* Begin XCConfigurationList section */
		5A0CDF171C731ED9008DA29C /* Build configuration list for PBXProject "myApp" */ = {
			isa = XCConfigurationList;
			buildConfigurations = (
				5A0CDF451C731EDA008DA29C /* Debug */,
				5A0CDF461C731EDA008DA29C /* Release */,
			);
			defaultConfigurationIsVisible = 0;
			defaultConfigurationName = Release;
		};
		5A0CDF471C731EDA008DA29C /* Build configuration list for PBXNativeTarget "myApp" */ = {
			isa = XCConfigurationList;
			buildConfigurations = (
				5A0CDF481C731EDA008DA29C /* Debug */,
				5A0CDF491C731EDA008DA29C /* Release */,
			);
			defaultConfigurationIsVisible = 0;
			defaultConfigurationName = Release;
		};
		5A0CDF4A1C731EDA008DA29C /* Build configuration list for PBXNativeTarget "myAppTests" */ = {
			isa = XCConfigurationList;
			buildConfigurations = (
				5A0CDF4B1C731EDA008DA29C /* Debug */,
				5A0CDF4C1C731EDA008DA29C /* Release */,
			);
			defaultConfigurationIsVisible = 0;
			defaultConfigurationName = Release;
		};
		5A0CDF4D1C731EDA008DA29C /* Build configuration list for PBXNativeTarget "myAppUITests" */ = {
			isa = XCConfigurationList;
			buildConfigurations = (
				5A0CDF4E1C731EDA008DA29C /* Debug */,
				5A0CDF4F1C731EDA008DA29C /* Release */,
			);
			defaultConfigurationIsVisible = 0;
			defaultConfigurationName = Release;
		};
/* End XCConfigurationList section */

/* Begin XCVersionGroup section */
		5A0CDF261C731EDA008DA29C /* myApp.xcdatamodeld */ = {
			isa = XCVersionGroup;
			children = (
				5A0CDF271C731EDA008DA29C /* myApp.xcdatamodel */,
			);
			currentVersion = 5A0CDF271C731EDA008DA29C /* myApp.xcdatamodel */;
			path = myApp.xcdatamodeld;
			sourceTree = "<group>";
			versionGroupType = wrapper.xcdatamodel;
		};
/* End XCVersionGroup section */
	};
	rootObject = 5A0CDF141C731ED9008DA29C /* Project object */;
}
