// !$*UTF8*$!
{
	archiveVersion = 1;
	classes = {
	};
	objectVersion = 46;
	objects = {

/* Begin PBXBuildFile section */
		4BCE7EEF1CDF6B4400082F53 /* GoogleMobileAdsSdkiOS-7.8.0 in Resources */ = {isa = PBXBuildFile; fileRef = 4BCE7EEE1CDF6B4400082F53 /* GoogleMobileAdsSdkiOS-7.8.0 */; };
		4BCE7EF11CDF6B9A00082F53 /* AdSupport.framework in Frameworks */ = {isa = PBXBuildFile; fileRef = 4BCE7EF01CDF6B9A00082F53 /* AdSupport.framework */; };
		4BCE7EF31CDF6BA000082F53 /* AudioToolbox.framework in Frameworks */ = {isa = PBXBuildFile; fileRef = 4BCE7EF21CDF6BA000082F53 /* AudioToolbox.framework */; };
		4BCE7EF51CDF6BA500082F53 /* AVFoundation.framework in Frameworks */ = {isa = PBXBuildFile; fileRef = 4BCE7EF41CDF6BA500082F53 /* AVFoundation.framework */; };
		4BCE7EF71CDF6BB300082F53 /* CoreGraphics.framework in Frameworks */ = {isa = PBXBuildFile; fileRef = 4BCE7EF61CDF6BB300082F53 /* CoreGraphics.framework */; };
		4BCE7EF91CDF6BC200082F53 /* CoreTelephony.framework in Frameworks */ = {isa = PBXBuildFile; fileRef = 4BCE7EF81CDF6BC200082F53 /* CoreTelephony.framework */; };
		4BCE7EFB1CDF6BD000082F53 /* EventKit.framework in Frameworks */ = {isa = PBXBuildFile; fileRef = 4BCE7EFA1CDF6BD000082F53 /* EventKit.framework */; };
		4BCE7EFD1CDF6BDA00082F53 /* EventKitUI.framework in Frameworks */ = {isa = PBXBuildFile; fileRef = 4BCE7EFC1CDF6BDA00082F53 /* EventKitUI.framework */; };
		4BCE7EFF1CDF6BE900082F53 /* MessageUI.framework in Frameworks */ = {isa = PBXBuildFile; fileRef = 4BCE7EFE1CDF6BE900082F53 /* MessageUI.framework */; };
		4BCE7F031CDF6C0000082F53 /* SystemConfiguration.framework in Frameworks */ = {isa = PBXBuildFile; fileRef = 4BCE7F021CDF6C0000082F53 /* SystemConfiguration.framework */; };
		4BCE7F061CDF7BBB00082F53 /* StoreKit.framework in Frameworks */ = {isa = PBXBuildFile; fileRef = 4BCE7F051CDF7BBA00082F53 /* StoreKit.framework */; };
		5A0CDF221C731EDA008DA29C /* ViewController.swift in Sources */ = {isa = PBXBuildFile; fileRef = 5A0CDF211C731EDA008DA29C /* ViewController.swift */; };
		5A0CDF251C731EDA008DA29C /* Main.storyboard in Resources */ = {isa = PBXBuildFile; fileRef = 5A0CDF231C731EDA008DA29C /* Main.storyboard */; };
		5A0CDF281C731EDA008DA29C /* myApp.xcdatamodeld in Sources */ = {isa = PBXBuildFile; fileRef = 5A0CDF261C731EDA008DA29C /* myApp.xcdatamodeld */; };
		5A0CDF2A1C731EDA008DA29C /* Assets.xcassets in Resources */ = {isa = PBXBuildFile; fileRef = 5A0CDF291C731EDA008DA29C /* Assets.xcassets */; };
		5A0CDF2D1C731EDA008DA29C /* LaunchScreen.storyboard in Resources */ = {isa = PBXBuildFile; fileRef = 5A0CDF2B1C731EDA008DA29C /* LaunchScreen.storyboard */; };
		5A0CDF381C731EDA008DA29C /* myAppTests.swift in Sources */ = {isa = PBXBuildFile; fileRef = 5A0CDF371C731EDA008DA29C /* myAppTests.swift */; };
		5A0CDF431C731EDA008DA29C /* myAppUITests.swift in Sources */ = {isa = PBXBuildFile; fileRef = 5A0CDF421C731EDA008DA29C /* myAppUITests.swift */; };
		5A0CDF511C7328A3008DA29C /* startViewController.swift in Sources */ = {isa = PBXBuildFile; fileRef = 5A0CDF501C7328A3008DA29C /* startViewController.swift */; };
		5A0CDF531C73290F008DA29C /* timeEditViewController.swift in Sources */ = {isa = PBXBuildFile; fileRef = 5A0CDF521C73290F008DA29C /* timeEditViewController.swift */; };
		5A0CDF551C73706A008DA29C /* wordsList.plist in Resources */ = {isa = PBXBuildFile; fileRef = 5A0CDF541C73706A008DA29C /* wordsList.plist */; };
		5A2BE8621C7C2F6B00B7A88E /* listViewController.swift in Sources */ = {isa = PBXBuildFile; fileRef = 5A2BE8611C7C2F6B00B7A88E /* listViewController.swift */; };
		5A57E3791C83386100DC44F7 /* AppDelegate.swift in Sources */ = {isa = PBXBuildFile; fileRef = 5A0CDF1F1C731EDA008DA29C /* AppDelegate.swift */; };
		5A57E4D91C833AEB00DC44F7 /* AsyncButton.swift in Sources */ = {isa = PBXBuildFile; fileRef = 5A57E4BB1C833AEB00DC44F7 /* AsyncButton.swift */; };
		5A57E4DA1C833AEB00DC44F7 /* AsyncImageView.swift in Sources */ = {isa = PBXBuildFile; fileRef = 5A57E4BC1C833AEB00DC44F7 /* AsyncImageView.swift */; };
		5A57E4DB1C833AEB00DC44F7 /* AutoTextView.swift in Sources */ = {isa = PBXBuildFile; fileRef = 5A57E4BD1C833AEB00DC44F7 /* AutoTextView.swift */; };
		5A57E4DC1C833AEB00DC44F7 /* BlurView.swift in Sources */ = {isa = PBXBuildFile; fileRef = 5A57E4BE1C833AEB00DC44F7 /* BlurView.swift */; };
		5A57E4DD1C833AEB00DC44F7 /* DesignableButton.swift in Sources */ = {isa = PBXBuildFile; fileRef = 5A57E4BF1C833AEB00DC44F7 /* DesignableButton.swift */; };
		5A57E4DE1C833AEB00DC44F7 /* DesignableImageView.swift in Sources */ = {isa = PBXBuildFile; fileRef = 5A57E4C01C833AEB00DC44F7 /* DesignableImageView.swift */; };
		5A57E4DF1C833AEB00DC44F7 /* DesignableLabel.swift in Sources */ = {isa = PBXBuildFile; fileRef = 5A57E4C11C833AEB00DC44F7 /* DesignableLabel.swift */; };
		5A57E4E01C833AEB00DC44F7 /* DesignableTabBarController.swift in Sources */ = {isa = PBXBuildFile; fileRef = 5A57E4C21C833AEB00DC44F7 /* DesignableTabBarController.swift */; };
		5A57E4E11C833AEB00DC44F7 /* DesignableTextField.swift in Sources */ = {isa = PBXBuildFile; fileRef = 5A57E4C31C833AEB00DC44F7 /* DesignableTextField.swift */; };
		5A57E4E21C833AEB00DC44F7 /* DesignableTextView.swift in Sources */ = {isa = PBXBuildFile; fileRef = 5A57E4C41C833AEB00DC44F7 /* DesignableTextView.swift */; };
		5A57E4E31C833AEB00DC44F7 /* DesignableView.swift in Sources */ = {isa = PBXBuildFile; fileRef = 5A57E4C51C833AEB00DC44F7 /* DesignableView.swift */; };
		5A57E4E41C833AEB00DC44F7 /* ImageLoader.swift in Sources */ = {isa = PBXBuildFile; fileRef = 5A57E4C61C833AEB00DC44F7 /* ImageLoader.swift */; };
		5A57E4E51C833AEB00DC44F7 /* Info.plist in Resources */ = {isa = PBXBuildFile; fileRef = 5A57E4C71C833AEB00DC44F7 /* Info.plist */; };
		5A57E4E61C833AEB00DC44F7 /* KeyboardLayoutConstraint.swift in Sources */ = {isa = PBXBuildFile; fileRef = 5A57E4C81C833AEB00DC44F7 /* KeyboardLayoutConstraint.swift */; };
		5A57E4E71C833AEB00DC44F7 /* LoadingView.swift in Sources */ = {isa = PBXBuildFile; fileRef = 5A57E4C91C833AEB00DC44F7 /* LoadingView.swift */; };
		5A57E4E81C833AEB00DC44F7 /* LoadingView.xib in Resources */ = {isa = PBXBuildFile; fileRef = 5A57E4CA1C833AEB00DC44F7 /* LoadingView.xib */; };
		5A57E4E91C833AEB00DC44F7 /* Misc.swift in Sources */ = {isa = PBXBuildFile; fileRef = 5A57E4CB1C833AEB00DC44F7 /* Misc.swift */; };
		5A57E4EA1C833AEB00DC44F7 /* SoundPlayer.swift in Sources */ = {isa = PBXBuildFile; fileRef = 5A57E4CC1C833AEB00DC44F7 /* SoundPlayer.swift */; };
		5A57E4EB1C833AEB00DC44F7 /* Spring.swift in Sources */ = {isa = PBXBuildFile; fileRef = 5A57E4CE1C833AEB00DC44F7 /* Spring.swift */; };
		5A57E4EC1C833AEB00DC44F7 /* SpringAnimation.swift in Sources */ = {isa = PBXBuildFile; fileRef = 5A57E4CF1C833AEB00DC44F7 /* SpringAnimation.swift */; };
		5A57E4ED1C833AEB00DC44F7 /* SpringButton.swift in Sources */ = {isa = PBXBuildFile; fileRef = 5A57E4D01C833AEB00DC44F7 /* SpringButton.swift */; };
		5A57E4EE1C833AEB00DC44F7 /* SpringImageView.swift in Sources */ = {isa = PBXBuildFile; fileRef = 5A57E4D11C833AEB00DC44F7 /* SpringImageView.swift */; };
		5A57E4EF1C833AEB00DC44F7 /* SpringLabel.swift in Sources */ = {isa = PBXBuildFile; fileRef = 5A57E4D21C833AEB00DC44F7 /* SpringLabel.swift */; };
		5A57E4F01C833AEB00DC44F7 /* SpringTextField.swift in Sources */ = {isa = PBXBuildFile; fileRef = 5A57E4D31C833AEB00DC44F7 /* SpringTextField.swift */; };
		5A57E4F11C833AEB00DC44F7 /* SpringTextView.swift in Sources */ = {isa = PBXBuildFile; fileRef = 5A57E4D41C833AEB00DC44F7 /* SpringTextView.swift */; };
		5A57E4F21C833AEB00DC44F7 /* SpringView.swift in Sources */ = {isa = PBXBuildFile; fileRef = 5A57E4D51C833AEB00DC44F7 /* SpringView.swift */; };
		5A57E4F31C833AEB00DC44F7 /* TransitionManager.swift in Sources */ = {isa = PBXBuildFile; fileRef = 5A57E4D61C833AEB00DC44F7 /* TransitionManager.swift */; };
		5A57E4F41C833AEB00DC44F7 /* TransitionZoom.swift in Sources */ = {isa = PBXBuildFile; fileRef = 5A57E4D71C833AEB00DC44F7 /* TransitionZoom.swift */; };
		5A57E4F51C833AEB00DC44F7 /* UnwindSegue.swift in Sources */ = {isa = PBXBuildFile; fileRef = 5A57E4D81C833AEB00DC44F7 /* UnwindSegue.swift */; };
		5A82DB051C7BE4E90006A173 /* tableViewController.swift in Sources */ = {isa = PBXBuildFile; fileRef = 5A82DB041C7BE4E90006A173 /* tableViewController.swift */; };
		5A996BB91C8557AF008E4EC1 /* explainViewController.swift in Sources */ = {isa = PBXBuildFile; fileRef = 5A996BB81C8557AF008E4EC1 /* explainViewController.swift */; };
/* End PBXBuildFile section */

/* Begin PBXContainerItemProxy section */
		5A0CDF341C731EDA008DA29C /* PBXContainerItemProxy */ = {
			isa = PBXContainerItemProxy;
			containerPortal = 5A0CDF141C731ED9008DA29C /* Project object */;
			proxyType = 1;
			remoteGlobalIDString = 5A0CDF1B1C731EDA008DA29C;
			remoteInfo = myApp;
		};
		5A0CDF3F1C731EDA008DA29C /* PBXContainerItemProxy */ = {
			isa = PBXContainerItemProxy;
			containerPortal = 5A0CDF141C731ED9008DA29C /* Project object */;
			proxyType = 1;
			remoteGlobalIDString = 5A0CDF1B1C731EDA008DA29C;
			remoteInfo = myApp;
		};
/* End PBXContainerItemProxy section */

/* Begin PBXCopyFilesBuildPhase section */
		5A283CE31C83313F004C3BBF /* Embed Frameworks */ = {
			isa = PBXCopyFilesBuildPhase;
			buildActionMask = 2147483647;
			dstPath = "";
			dstSubfolderSpec = 10;
			files = (
			);
			name = "Embed Frameworks";
			runOnlyForDeploymentPostprocessing = 0;
		};
/* End PBXCopyFilesBuildPhase section */

/* Begin PBXFileReference section */
		4BCE7EEE1CDF6B4400082F53 /* GoogleMobileAdsSdkiOS-7.8.0 */ = {isa = PBXFileReference; lastKnownFileType = folder; name = "GoogleMobileAdsSdkiOS-7.8.0"; path = "../../../../Downloads/GoogleMobileAdsSdkiOS-7.8.0"; sourceTree = "<group>"; };
		4BCE7EF01CDF6B9A00082F53 /* AdSupport.framework */ = {isa = PBXFileReference; lastKnownFileType = wrapper.framework; name = AdSupport.framework; path = System/Library/Frameworks/AdSupport.framework; sourceTree = SDKROOT; };
		4BCE7EF21CDF6BA000082F53 /* AudioToolbox.framework */ = {isa = PBXFileReference; lastKnownFileType = wrapper.framework; name = AudioToolbox.framework; path = System/Library/Frameworks/AudioToolbox.framework; sourceTree = SDKROOT; };
		4BCE7EF41CDF6BA500082F53 /* AVFoundation.framework */ = {isa = PBXFileReference; lastKnownFileType = wrapper.framework; name = AVFoundation.framework; path = System/Library/Frameworks/AVFoundation.framework; sourceTree = SDKROOT; };
		4BCE7EF61CDF6BB300082F53 /* CoreGraphics.framework */ = {isa = PBXFileReference; lastKnownFileType = wrapper.framework; name = CoreGraphics.framework; path = System/Library/Frameworks/CoreGraphics.framework; sourceTree = SDKROOT; };
		4BCE7EF81CDF6BC200082F53 /* CoreTelephony.framework */ = {isa = PBXFileReference; lastKnownFileType = wrapper.framework; name = CoreTelephony.framework; path = System/Library/Frameworks/CoreTelephony.framework; sourceTree = SDKROOT; };
		4BCE7EFA1CDF6BD000082F53 /* EventKit.framework */ = {isa = PBXFileReference; lastKnownFileType = wrapper.framework; name = EventKit.framework; path = System/Library/Frameworks/EventKit.framework; sourceTree = SDKROOT; };
		4BCE7EFC1CDF6BDA00082F53 /* EventKitUI.framework */ = {isa = PBXFileReference; lastKnownFileType = wrapper.framework; name = EventKitUI.framework; path = System/Library/Frameworks/EventKitUI.framework; sourceTree = SDKROOT; };
		4BCE7EFE1CDF6BE900082F53 /* MessageUI.framework */ = {isa = PBXFileReference; lastKnownFileType = wrapper.framework; name = MessageUI.framework; path = System/Library/Frameworks/MessageUI.framework; sourceTree = SDKROOT; };
		4BCE7F021CDF6C0000082F53 /* SystemConfiguration.framework */ = {isa = PBXFileReference; lastKnownFileType = wrapper.framework; name = SystemConfiguration.framework; path = System/Library/Frameworks/SystemConfiguration.framework; sourceTree = SDKROOT; };
		4BCE7F041CDF6C2400082F53 /* Header.h */ = {isa = PBXFileReference; lastKnownFileType = sourcecode.c.h; path = Header.h; sourceTree = "<group>"; };
		4BCE7F051CDF7BBA00082F53 /* StoreKit.framework */ = {isa = PBXFileReference; lastKnownFileType = wrapper.framework; name = StoreKit.framework; path = System/Library/Frameworks/StoreKit.framework; sourceTree = SDKROOT; };
		5A0CDF1C1C731EDA008DA29C /* myApp.app */ = {isa = PBXFileReference; explicitFileType = wrapper.application; includeInIndex = 0; path = myApp.app; sourceTree = BUILT_PRODUCTS_DIR; };
		5A0CDF1F1C731EDA008DA29C /* AppDelegate.swift */ = {isa = PBXFileReference; lastKnownFileType = sourcecode.swift; path = AppDelegate.swift; sourceTree = "<group>"; };
		5A0CDF211C731EDA008DA29C /* ViewController.swift */ = {isa = PBXFileReference; lastKnownFileType = sourcecode.swift; path = ViewController.swift; sourceTree = "<group>"; };
		5A0CDF241C731EDA008DA29C /* Base */ = {isa = PBXFileReference; lastKnownFileType = file.storyboard; name = Base; path = Base.lproj/Main.storyboard; sourceTree = "<group>"; };
		5A0CDF271C731EDA008DA29C /* myApp.xcdatamodel */ = {isa = PBXFileReference; lastKnownFileType = wrapper.xcdatamodel; path = myApp.xcdatamodel; sourceTree = "<group>"; };
		5A0CDF291C731EDA008DA29C /* Assets.xcassets */ = {isa = PBXFileReference; lastKnownFileType = folder.assetcatalog; path = Assets.xcassets; sourceTree = "<group>"; };
		5A0CDF2C1C731EDA008DA29C /* Base */ = {isa = PBXFileReference; lastKnownFileType = file.storyboard; name = Base; path = Base.lproj/LaunchScreen.storyboard; sourceTree = "<group>"; };
		5A0CDF2E1C731EDA008DA29C /* Info.plist */ = {isa = PBXFileReference; lastKnownFileType = text.plist.xml; path = Info.plist; sourceTree = "<group>"; };
		5A0CDF331C731EDA008DA29C /* myAppTests.xctest */ = {isa = PBXFileReference; explicitFileType = wrapper.cfbundle; includeInIndex = 0; path = myAppTests.xctest; sourceTree = BUILT_PRODUCTS_DIR; };
		5A0CDF371C731EDA008DA29C /* myAppTests.swift */ = {isa = PBXFileReference; lastKnownFileType = sourcecode.swift; path = myAppTests.swift; sourceTree = "<group>"; };
		5A0CDF391C731EDA008DA29C /* Info.plist */ = {isa = PBXFileReference; lastKnownFileType = text.plist.xml; path = Info.plist; sourceTree = "<group>"; };
		5A0CDF3E1C731EDA008DA29C /* myAppUITests.xctest */ = {isa = PBXFileReference; explicitFileType = wrapper.cfbundle; includeInIndex = 0; path = myAppUITests.xctest; sourceTree = BUILT_PRODUCTS_DIR; };
		5A0CDF421C731EDA008DA29C /* myAppUITests.swift */ = {isa = PBXFileReference; lastKnownFileType = sourcecode.swift; path = myAppUITests.swift; sourceTree = "<group>"; };
		5A0CDF441C731EDA008DA29C /* Info.plist */ = {isa = PBXFileReference; lastKnownFileType = text.plist.xml; path = Info.plist; sourceTree = "<group>"; };
		5A0CDF501C7328A3008DA29C /* startViewController.swift */ = {isa = PBXFileReference; fileEncoding = 4; lastKnownFileType = sourcecode.swift; name = startViewController.swift; path = ../startViewController.swift; sourceTree = "<group>"; };
		5A0CDF521C73290F008DA29C /* timeEditViewController.swift */ = {isa = PBXFileReference; fileEncoding = 4; lastKnownFileType = sourcecode.swift; name = timeEditViewController.swift; path = ../timeEditViewController.swift; sourceTree = "<group>"; };
		5A0CDF541C73706A008DA29C /* wordsList.plist */ = {isa = PBXFileReference; fileEncoding = 4; lastKnownFileType = text.plist.xml; name = wordsList.plist; path = ../wordsList.plist; sourceTree = "<group>"; };
		5A2BE8611C7C2F6B00B7A88E /* listViewController.swift */ = {isa = PBXFileReference; fileEncoding = 4; lastKnownFileType = sourcecode.swift; name = listViewController.swift; path = ../listViewController.swift; sourceTree = "<group>"; };
		5A57E4BB1C833AEB00DC44F7 /* AsyncButton.swift */ = {isa = PBXFileReference; fileEncoding = 4; lastKnownFileType = sourcecode.swift; path = AsyncButton.swift; sourceTree = "<group>"; };
		5A57E4BC1C833AEB00DC44F7 /* AsyncImageView.swift */ = {isa = PBXFileReference; fileEncoding = 4; lastKnownFileType = sourcecode.swift; path = AsyncImageView.swift; sourceTree = "<group>"; };
		5A57E4BD1C833AEB00DC44F7 /* AutoTextView.swift */ = {isa = PBXFileReference; fileEncoding = 4; lastKnownFileType = sourcecode.swift; path = AutoTextView.swift; sourceTree = "<group>"; };
		5A57E4BE1C833AEB00DC44F7 /* BlurView.swift */ = {isa = PBXFileReference; fileEncoding = 4; lastKnownFileType = sourcecode.swift; path = BlurView.swift; sourceTree = "<group>"; };
		5A57E4BF1C833AEB00DC44F7 /* DesignableButton.swift */ = {isa = PBXFileReference; fileEncoding = 4; lastKnownFileType = sourcecode.swift; path = DesignableButton.swift; sourceTree = "<group>"; };
		5A57E4C01C833AEB00DC44F7 /* DesignableImageView.swift */ = {isa = PBXFileReference; fileEncoding = 4; lastKnownFileType = sourcecode.swift; path = DesignableImageView.swift; sourceTree = "<group>"; };
		5A57E4C11C833AEB00DC44F7 /* DesignableLabel.swift */ = {isa = PBXFileReference; fileEncoding = 4; lastKnownFileType = sourcecode.swift; path = DesignableLabel.swift; sourceTree = "<group>"; };
		5A57E4C21C833AEB00DC44F7 /* DesignableTabBarController.swift */ = {isa = PBXFileReference; fileEncoding = 4; lastKnownFileType = sourcecode.swift; path = DesignableTabBarController.swift; sourceTree = "<group>"; };
		5A57E4C31C833AEB00DC44F7 /* DesignableTextField.swift */ = {isa = PBXFileReference; fileEncoding = 4; lastKnownFileType = sourcecode.swift; path = DesignableTextField.swift; sourceTree = "<group>"; };
		5A57E4C41C833AEB00DC44F7 /* DesignableTextView.swift */ = {isa = PBXFileReference; fileEncoding = 4; lastKnownFileType = sourcecode.swift; path = DesignableTextView.swift; sourceTree = "<group>"; };
		5A57E4C51C833AEB00DC44F7 /* DesignableView.swift */ = {isa = PBXFileReference; fileEncoding = 4; lastKnownFileType = sourcecode.swift; path = DesignableView.swift; sourceTree = "<group>"; };
		5A57E4C61C833AEB00DC44F7 /* ImageLoader.swift */ = {isa = PBXFileReference; fileEncoding = 4; lastKnownFileType = sourcecode.swift; path = ImageLoader.swift; sourceTree = "<group>"; };
		5A57E4C71C833AEB00DC44F7 /* Info.plist */ = {isa = PBXFileReference; fileEncoding = 4; lastKnownFileType = text.plist.xml; path = Info.plist; sourceTree = "<group>"; };
		5A57E4C81C833AEB00DC44F7 /* KeyboardLayoutConstraint.swift */ = {isa = PBXFileReference; fileEncoding = 4; lastKnownFileType = sourcecode.swift; path = KeyboardLayoutConstraint.swift; sourceTree = "<group>"; };
		5A57E4C91C833AEB00DC44F7 /* LoadingView.swift */ = {isa = PBXFileReference; fileEncoding = 4; lastKnownFileType = sourcecode.swift; path = LoadingView.swift; sourceTree = "<group>"; };
		5A57E4CA1C833AEB00DC44F7 /* LoadingView.xib */ = {isa = PBXFileReference; fileEncoding = 4; lastKnownFileType = file.xib; path = LoadingView.xib; sourceTree = "<group>"; };
		5A57E4CB1C833AEB00DC44F7 /* Misc.swift */ = {isa = PBXFileReference; fileEncoding = 4; lastKnownFileType = sourcecode.swift; path = Misc.swift; sourceTree = "<group>"; };
		5A57E4CC1C833AEB00DC44F7 /* SoundPlayer.swift */ = {isa = PBXFileReference; fileEncoding = 4; lastKnownFileType = sourcecode.swift; path = SoundPlayer.swift; sourceTree = "<group>"; };
		5A57E4CD1C833AEB00DC44F7 /* Spring.h */ = {isa = PBXFileReference; fileEncoding = 4; lastKnownFileType = sourcecode.c.h; path = Spring.h; sourceTree = "<group>"; };
		5A57E4CE1C833AEB00DC44F7 /* Spring.swift */ = {isa = PBXFileReference; fileEncoding = 4; lastKnownFileType = sourcecode.swift; path = Spring.swift; sourceTree = "<group>"; };
		5A57E4CF1C833AEB00DC44F7 /* SpringAnimation.swift */ = {isa = PBXFileReference; fileEncoding = 4; lastKnownFileType = sourcecode.swift; path = SpringAnimation.swift; sourceTree = "<group>"; };
		5A57E4D01C833AEB00DC44F7 /* SpringButton.swift */ = {isa = PBXFileReference; fileEncoding = 4; lastKnownFileType = sourcecode.swift; path = SpringButton.swift; sourceTree = "<group>"; };
		5A57E4D11C833AEB00DC44F7 /* SpringImageView.swift */ = {isa = PBXFileReference; fileEncoding = 4; lastKnownFileType = sourcecode.swift; path = SpringImageView.swift; sourceTree = "<group>"; };
		5A57E4D21C833AEB00DC44F7 /* SpringLabel.swift */ = {isa = PBXFileReference; fileEncoding = 4; lastKnownFileType = sourcecode.swift; path = SpringLabel.swift; sourceTree = "<group>"; };
		5A57E4D31C833AEB00DC44F7 /* SpringTextField.swift */ = {isa = PBXFileReference; fileEncoding = 4; lastKnownFileType = sourcecode.swift; path = SpringTextField.swift; sourceTree = "<group>"; };
		5A57E4D41C833AEB00DC44F7 /* SpringTextView.swift */ = {isa = PBXFileReference; fileEncoding = 4; lastKnownFileType = sourcecode.swift; path = SpringTextView.swift; sourceTree = "<group>"; };
		5A57E4D51C833AEB00DC44F7 /* SpringView.swift */ = {isa = PBXFileReference; fileEncoding = 4; lastKnownFileType = sourcecode.swift; path = SpringView.swift; sourceTree = "<group>"; };
		5A57E4D61C833AEB00DC44F7 /* TransitionManager.swift */ = {isa = PBXFileReference; fileEncoding = 4; lastKnownFileType = sourcecode.swift; path = TransitionManager.swift; sourceTree = "<group>"; };
		5A57E4D71C833AEB00DC44F7 /* TransitionZoom.swift */ = {isa = PBXFileReference; fileEncoding = 4; lastKnownFileType = sourcecode.swift; path = TransitionZoom.swift; sourceTree = "<group>"; };
		5A57E4D81C833AEB00DC44F7 /* UnwindSegue.swift */ = {isa = PBXFileReference; fileEncoding = 4; lastKnownFileType = sourcecode.swift; path = UnwindSegue.swift; sourceTree = "<group>"; };
		5A82DB041C7BE4E90006A173 /* tableViewController.swift */ = {isa = PBXFileReference; fileEncoding = 4; lastKnownFileType = sourcecode.swift; path = tableViewController.swift; sourceTree = "<group>"; };
		5A996BB81C8557AF008E4EC1 /* explainViewController.swift */ = {isa = PBXFileReference; fileEncoding = 4; lastKnownFileType = sourcecode.swift; path = explainViewController.swift; sourceTree = "<group>"; };
/* End PBXFileReference section */

/* Begin PBXFrameworksBuildPhase section */
		5A0CDF191C731EDA008DA29C /* Frameworks */ = {
			isa = PBXFrameworksBuildPhase;
			buildActionMask = 2147483647;
			files = (
				4BCE7F031CDF6C0000082F53 /* SystemConfiguration.framework in Frameworks */,
				4BCE7EFF1CDF6BE900082F53 /* MessageUI.framework in Frameworks */,
				4BCE7EFD1CDF6BDA00082F53 /* EventKitUI.framework in Frameworks */,
				4BCE7EFB1CDF6BD000082F53 /* EventKit.framework in Frameworks */,
				4BCE7EF91CDF6BC200082F53 /* CoreTelephony.framework in Frameworks */,
				4BCE7EF71CDF6BB300082F53 /* CoreGraphics.framework in Frameworks */,
				4BCE7EF51CDF6BA500082F53 /* AVFoundation.framework in Frameworks */,
				4BCE7F061CDF7BBB00082F53 /* StoreKit.framework in Frameworks */,
				4BCE7EF31CDF6BA000082F53 /* AudioToolbox.framework in Frameworks */,
				4BCE7EF11CDF6B9A00082F53 /* AdSupport.framework in Frameworks */,
			);
			runOnlyForDeploymentPostprocessing = 0;
		};
		5A0CDF301C731EDA008DA29C /* Frameworks */ = {
			isa = PBXFrameworksBuildPhase;
			buildActionMask = 2147483647;
			files = (
			);
			runOnlyForDeploymentPostprocessing = 0;
		};
		5A0CDF3B1C731EDA008DA29C /* Frameworks */ = {
			isa = PBXFrameworksBuildPhase;
			buildActionMask = 2147483647;
			files = (
			);
			runOnlyForDeploymentPostprocessing = 0;
		};
/* End PBXFrameworksBuildPhase section */

/* Begin PBXGroup section */
		5A0CDF131C731ED9008DA29C = {
			isa = PBXGroup;
			children = (
				4BCE7F051CDF7BBA00082F53 /* StoreKit.framework */,
				4BCE7F021CDF6C0000082F53 /* SystemConfiguration.framework */,
				4BCE7EFE1CDF6BE900082F53 /* MessageUI.framework */,
				4BCE7EFC1CDF6BDA00082F53 /* EventKitUI.framework */,
				4BCE7EFA1CDF6BD000082F53 /* EventKit.framework */,
				4BCE7EF81CDF6BC200082F53 /* CoreTelephony.framework */,
				4BCE7EF61CDF6BB300082F53 /* CoreGraphics.framework */,
				4BCE7EF41CDF6BA500082F53 /* AVFoundation.framework */,
				4BCE7EF21CDF6BA000082F53 /* AudioToolbox.framework */,
				4BCE7EF01CDF6B9A00082F53 /* AdSupport.framework */,
				4BCE7EEE1CDF6B4400082F53 /* GoogleMobileAdsSdkiOS-7.8.0 */,
				5A0CDF1E1C731EDA008DA29C /* myApp */,
				5A0CDF361C731EDA008DA29C /* myAppTests */,
				5A0CDF411C731EDA008DA29C /* myAppUITests */,
				5A0CDF1D1C731EDA008DA29C /* Products */,
			);
			sourceTree = "<group>";
		};
		5A0CDF1D1C731EDA008DA29C /* Products */ = {
			isa = PBXGroup;
			children = (
				5A0CDF1C1C731EDA008DA29C /* myApp.app */,
				5A0CDF331C731EDA008DA29C /* myAppTests.xctest */,
				5A0CDF3E1C731EDA008DA29C /* myAppUITests.xctest */,
			);
			name = Products;
			sourceTree = "<group>";
		};
		5A0CDF1E1C731EDA008DA29C /* myApp */ = {
			isa = PBXGroup;
			children = (
				5A57E4BA1C833AEB00DC44F7 /* Spring */,
				5A0CDF1F1C731EDA008DA29C /* AppDelegate.swift */,
				5A0CDF211C731EDA008DA29C /* ViewController.swift */,
				5A0CDF501C7328A3008DA29C /* startViewController.swift */,
				5A0CDF521C73290F008DA29C /* timeEditViewController.swift */,
				5A996BB81C8557AF008E4EC1 /* explainViewController.swift */,
				5A82DB041C7BE4E90006A173 /* tableViewController.swift */,
				5A2BE8611C7C2F6B00B7A88E /* listViewController.swift */,
				5A0CDF231C731EDA008DA29C /* Main.storyboard */,
				5A0CDF291C731EDA008DA29C /* Assets.xcassets */,
				5A0CDF2B1C731EDA008DA29C /* LaunchScreen.storyboard */,
				5A0CDF2E1C731EDA008DA29C /* Info.plist */,
				5A0CDF541C73706A008DA29C /* wordsList.plist */,
				5A0CDF261C731EDA008DA29C /* myApp.xcdatamodeld */,
			);
			path = myApp;
			sourceTree = "<group>";
		};
		5A0CDF361C731EDA008DA29C /* myAppTests */ = {
			isa = PBXGroup;
			children = (
				5A0CDF371C731EDA008DA29C /* myAppTests.swift */,
				5A0CDF391C731EDA008DA29C /* Info.plist */,
			);
			path = myAppTests;
			sourceTree = "<group>";
		};
		5A0CDF411C731EDA008DA29C /* myAppUITests */ = {
			isa = PBXGroup;
			children = (
				5A0CDF421C731EDA008DA29C /* myAppUITests.swift */,
				5A0CDF441C731EDA008DA29C /* Info.plist */,
			);
			path = myAppUITests;
			sourceTree = "<group>";
		};
		5A57E4BA1C833AEB00DC44F7 /* Spring */ = {
			isa = PBXGroup;
			children = (
				5A57E4BB1C833AEB00DC44F7 /* AsyncButton.swift */,
				5A57E4BC1C833AEB00DC44F7 /* AsyncImageView.swift */,
				5A57E4BD1C833AEB00DC44F7 /* AutoTextView.swift */,
				5A57E4BE1C833AEB00DC44F7 /* BlurView.swift */,
				5A57E4BF1C833AEB00DC44F7 /* DesignableButton.swift */,
				5A57E4C01C833AEB00DC44F7 /* DesignableImageView.swift */,
				5A57E4C11C833AEB00DC44F7 /* DesignableLabel.swift */,
				5A57E4C21C833AEB00DC44F7 /* DesignableTabBarController.swift */,
				5A57E4C31C833AEB00DC44F7 /* DesignableTextField.swift */,
				5A57E4C41C833AEB00DC44F7 /* DesignableTextView.swift */,
				5A57E4C51C833AEB00DC44F7 /* DesignableView.swift */,
				5A57E4C61C833AEB00DC44F7 /* ImageLoader.swift */,
				5A57E4C71C833AEB00DC44F7 /* Info.plist */,
				5A57E4C81C833AEB00DC44F7 /* KeyboardLayoutConstraint.swift */,
				5A57E4C91C833AEB00DC44F7 /* LoadingView.swift */,
				5A57E4CA1C833AEB00DC44F7 /* LoadingView.xib */,
				5A57E4CB1C833AEB00DC44F7 /* Misc.swift */,
				5A57E4CC1C833AEB00DC44F7 /* SoundPlayer.swift */,
				5A57E4CD1C833AEB00DC44F7 /* Spring.h */,
				5A57E4CE1C833AEB00DC44F7 /* Spring.swift */,
				5A57E4CF1C833AEB00DC44F7 /* SpringAnimation.swift */,
				5A57E4D01C833AEB00DC44F7 /* SpringButton.swift */,
				5A57E4D11C833AEB00DC44F7 /* SpringImageView.swift */,
				5A57E4D21C833AEB00DC44F7 /* SpringLabel.swift */,
				5A57E4D31C833AEB00DC44F7 /* SpringTextField.swift */,
				5A57E4D41C833AEB00DC44F7 /* SpringTextView.swift */,
				5A57E4D51C833AEB00DC44F7 /* SpringView.swift */,
				5A57E4D61C833AEB00DC44F7 /* TransitionManager.swift */,
				5A57E4D71C833AEB00DC44F7 /* TransitionZoom.swift */,
				5A57E4D81C833AEB00DC44F7 /* UnwindSegue.swift */,
				4BCE7F041CDF6C2400082F53 /* Header.h */,
			);
			path = Spring;
			sourceTree = "<group>";
		};
/* End PBXGroup section */

/* Begin PBXNativeTarget section */
		5A0CDF1B1C731EDA008DA29C /* myApp */ = {
			isa = PBXNativeTarget;
			buildConfigurationList = 5A0CDF471C731EDA008DA29C /* Build configuration list for PBXNativeTarget "myApp" */;
			buildPhases = (
				5A0CDF181C731EDA008DA29C /* Sources */,
				5A0CDF191C731EDA008DA29C /* Frameworks */,
				5A0CDF1A1C731EDA008DA29C /* Resources */,
				5A283CE31C83313F004C3BBF /* Embed Frameworks */,
			);
			buildRules = (
			);
			dependencies = (
			);
			name = myApp;
			productName = myApp;
			productReference = 5A0CDF1C1C731EDA008DA29C /* myApp.app */;
			productType = "com.apple.product-type.application";
		};
		5A0CDF321C731EDA008DA29C /* myAppTests */ = {
			isa = PBXNativeTarget;
			buildConfigurationList = 5A0CDF4A1C731EDA008DA29C /* Build configuration list for PBXNativeTarget "myAppTests" */;
			buildPhases = (
				5A0CDF2F1C731EDA008DA29C /* Sources */,
				5A0CDF301C731EDA008DA29C /* Frameworks */,
				5A0CDF311C731EDA008DA29C /* Resources */,
			);
			buildRules = (
			);
			dependencies = (
				5A0CDF351C731EDA008DA29C /* PBXTargetDependency */,
			);
			name = myAppTests;
			productName = myAppTests;
			productReference = 5A0CDF331C731EDA008DA29C /* myAppTests.xctest */;
			productType = "com.apple.product-type.bundle.unit-test";
		};
		5A0CDF3D1C731EDA008DA29C /* myAppUITests */ = {
			isa = PBXNativeTarget;
			buildConfigurationList = 5A0CDF4D1C731EDA008DA29C /* Build configuration list for PBXNativeTarget "myAppUITests" */;
			buildPhases = (
				5A0CDF3A1C731EDA008DA29C /* Sources */,
				5A0CDF3B1C731EDA008DA29C /* Frameworks */,
				5A0CDF3C1C731EDA008DA29C /* Resources */,
			);
			buildRules = (
			);
			dependencies = (
				5A0CDF401C731EDA008DA29C /* PBXTargetDependency */,
			);
			name = myAppUITests;
			productName = myAppUITests;
			productReference = 5A0CDF3E1C731EDA008DA29C /* myAppUITests.xctest */;
			productType = "com.apple.product-type.bundle.ui-testing";
		};
/* End PBXNativeTarget section */

/* Begin PBXProject section */
		5A0CDF141C731ED9008DA29C /* Project object */ = {
			isa = PBXProject;
			attributes = {
				LastSwiftUpdateCheck = 0720;
				LastUpgradeCheck = 0720;
				ORGANIZATIONNAME = "Tsubasa Takahashi";
				TargetAttributes = {
					5A0CDF1B1C731EDA008DA29C = {
						CreatedOnToolsVersion = 7.2.1;
						DevelopmentTeam = K67RF9GL72;
						SystemCapabilities = {
							com.apple.InAppPurchase = {
								enabled = 1;
							};
						};
					};
					5A0CDF321C731EDA008DA29C = {
						CreatedOnToolsVersion = 7.2.1;
						TestTargetID = 5A0CDF1B1C731EDA008DA29C;
					};
					5A0CDF3D1C731EDA008DA29C = {
						CreatedOnToolsVersion = 7.2.1;
						TestTargetID = 5A0CDF1B1C731EDA008DA29C;
					};
				};
			};
			buildConfigurationList = 5A0CDF171C731ED9008DA29C /* Build configuration list for PBXProject "myApp" */;
			compatibilityVersion = "Xcode 3.2";
			developmentRegion = English;
			hasScannedForEncodings = 0;
			knownRegions = (
				en,
				Base,
			);
			mainGroup = 5A0CDF131C731ED9008DA29C;
			productRefGroup = 5A0CDF1D1C731EDA008DA29C /* Products */;
			projectDirPath = "";
			projectRoot = "";
			targets = (
				5A0CDF1B1C731EDA008DA29C /* myApp */,
				5A0CDF321C731EDA008DA29C /* myAppTests */,
				5A0CDF3D1C731EDA008DA29C /* myAppUITests */,
			);
		};
/* End PBXProject section */

/* Begin PBXResourcesBuildPhase section */
		5A0CDF1A1C731EDA008DA29C /* Resources */ = {
			isa = PBXResourcesBuildPhase;
			buildActionMask = 2147483647;
			files = (
				5A0CDF551C73706A008DA29C /* wordsList.plist in Resources */,
				5A0CDF2D1C731EDA008DA29C /* LaunchScreen.storyboard in Resources */,
				5A57E4E51C833AEB00DC44F7 /* Info.plist in Resources */,
				5A0CDF2A1C731EDA008DA29C /* Assets.xcassets in Resources */,
				4BCE7EEF1CDF6B4400082F53 /* GoogleMobileAdsSdkiOS-7.8.0 in Resources */,
				5A57E4E81C833AEB00DC44F7 /* LoadingView.xib in Resources */,
				5A0CDF251C731EDA008DA29C /* Main.storyboard in Resources */,
			);
			runOnlyForDeploymentPostprocessing = 0;
		};
		5A0CDF311C731EDA008DA29C /* Resources */ = {
			isa = PBXResourcesBuildPhase;
			buildActionMask = 2147483647;
			files = (
			);
			runOnlyForDeploymentPostprocessing = 0;
		};
		5A0CDF3C1C731EDA008DA29C /* Resources */ = {
			isa = PBXResourcesBuildPhase;
			buildActionMask = 2147483647;
			files = (
			);
			runOnlyForDeploymentPostprocessing = 0;
		};
/* End PBXResourcesBuildPhase section */

/* Begin PBXSourcesBuildPhase section */
		5A0CDF181C731EDA008DA29C /* Sources */ = {
			isa = PBXSourcesBuildPhase;
			buildActionMask = 2147483647;
			files = (
				5A57E3791C83386100DC44F7 /* AppDelegate.swift in Sources */,
				5A57E4EB1C833AEB00DC44F7 /* Spring.swift in Sources */,
				5A0CDF281C731EDA008DA29C /* myApp.xcdatamodeld in Sources */,
				5A57E4E41C833AEB00DC44F7 /* ImageLoader.swift in Sources */,
				5A57E4E71C833AEB00DC44F7 /* LoadingView.swift in Sources */,
				5A57E4ED1C833AEB00DC44F7 /* SpringButton.swift in Sources */,
				5A57E4E01C833AEB00DC44F7 /* DesignableTabBarController.swift in Sources */,
				5A57E4EF1C833AEB00DC44F7 /* SpringLabel.swift in Sources */,
				5A57E4E21C833AEB00DC44F7 /* DesignableTextView.swift in Sources */,
				5A57E4F41C833AEB00DC44F7 /* TransitionZoom.swift in Sources */,
				5A57E4EE1C833AEB00DC44F7 /* SpringImageView.swift in Sources */,
				5A57E4DA1C833AEB00DC44F7 /* AsyncImageView.swift in Sources */,
				5A57E4F01C833AEB00DC44F7 /* SpringTextField.swift in Sources */,
				5A57E4E11C833AEB00DC44F7 /* DesignableTextField.swift in Sources */,
				5A57E4E31C833AEB00DC44F7 /* DesignableView.swift in Sources */,
				5A57E4EA1C833AEB00DC44F7 /* SoundPlayer.swift in Sources */,
				5A2BE8621C7C2F6B00B7A88E /* listViewController.swift in Sources */,
				5A57E4DC1C833AEB00DC44F7 /* BlurView.swift in Sources */,
				5A57E4E61C833AEB00DC44F7 /* KeyboardLayoutConstraint.swift in Sources */,
				5A57E4EC1C833AEB00DC44F7 /* SpringAnimation.swift in Sources */,
				5A57E4E91C833AEB00DC44F7 /* Misc.swift in Sources */,
				5A996BB91C8557AF008E4EC1 /* explainViewController.swift in Sources */,
				5A57E4F31C833AEB00DC44F7 /* TransitionManager.swift in Sources */,
				5A57E4DE1C833AEB00DC44F7 /* DesignableImageView.swift in Sources */,
				5A0CDF511C7328A3008DA29C /* startViewController.swift in Sources */,
				5A57E4D91C833AEB00DC44F7 /* AsyncButton.swift in Sources */,
				5A57E4F51C833AEB00DC44F7 /* UnwindSegue.swift in Sources */,
				5A0CDF221C731EDA008DA29C /* ViewController.swift in Sources */,
				5A57E4F21C833AEB00DC44F7 /* SpringView.swift in Sources */,
				5A57E4DF1C833AEB00DC44F7 /* DesignableLabel.swift in Sources */,
				5A57E4DB1C833AEB00DC44F7 /* AutoTextView.swift in Sources */,
				5A57E4F11C833AEB00DC44F7 /* SpringTextView.swift in Sources */,
				5A57E4DD1C833AEB00DC44F7 /* DesignableButton.swift in Sources */,
				5A82DB051C7BE4E90006A173 /* tableViewController.swift in Sources */,
				5A0CDF531C73290F008DA29C /* timeEditViewController.swift in Sources */,
			);
			runOnlyForDeploymentPostprocessing = 0;
		};
		5A0CDF2F1C731EDA008DA29C /* Sources */ = {
			isa = PBXSourcesBuildPhase;
			buildActionMask = 2147483647;
			files = (
				5A0CDF381C731EDA008DA29C /* myAppTests.swift in Sources */,
			);
			runOnlyForDeploymentPostprocessing = 0;
		};
		5A0CDF3A1C731EDA008DA29C /* Sources */ = {
			isa = PBXSourcesBuildPhase;
			buildActionMask = 2147483647;
			files = (
				5A0CDF431C731EDA008DA29C /* myAppUITests.swift in Sources */,
			);
			runOnlyForDeploymentPostprocessing = 0;
		};
/* End PBXSourcesBuildPhase section */

/* Begin PBXTargetDependency section */
		5A0CDF351C731EDA008DA29C /* PBXTargetDependency */ = {
			isa = PBXTargetDependency;
			target = 5A0CDF1B1C731EDA008DA29C /* myApp */;
			targetProxy = 5A0CDF341C731EDA008DA29C /* PBXContainerItemProxy */;
		};
		5A0CDF401C731EDA008DA29C /* PBXTargetDependency */ = {
			isa = PBXTargetDependency;
			target = 5A0CDF1B1C731EDA008DA29C /* myApp */;
			targetProxy = 5A0CDF3F1C731EDA008DA29C /* PBXContainerItemProxy */;
		};
/* End PBXTargetDependency section */

/* Begin PBXVariantGroup section */
		5A0CDF231C731EDA008DA29C /* Main.storyboard */ = {
			isa = PBXVariantGroup;
			children = (
				5A0CDF241C731EDA008DA29C /* Base */,
			);
			name = Main.storyboard;
			sourceTree = "<group>";
		};
		5A0CDF2B1C731EDA008DA29C /* LaunchScreen.storyboard */ = {
			isa = PBXVariantGroup;
			children = (
				5A0CDF2C1C731EDA008DA29C /* Base */,
			);
			name = LaunchScreen.storyboard;
			sourceTree = "<group>";
		};
/* End PBXVariantGroup section */

/* Begin XCBuildConfiguration section */
		5A0CDF451C731EDA008DA29C /* Debug */ = {
			isa = XCBuildConfiguration;
			buildSettings = {
				ALWAYS_SEARCH_USER_PATHS = NO;
				CLANG_CXX_LANGUAGE_STANDARD = "gnu++0x";
				CLANG_CXX_LIBRARY = "libc++";
				CLANG_ENABLE_MODULES = YES;
				CLANG_ENABLE_OBJC_ARC = YES;
				CLANG_WARN_BOOL_CONVERSION = YES;
				CLANG_WARN_CONSTANT_CONVERSION = YES;
				CLANG_WARN_DIRECT_OBJC_ISA_USAGE = YES_ERROR;
				CLANG_WARN_EMPTY_BODY = YES;
				CLANG_WARN_ENUM_CONVERSION = YES;
				CLANG_WARN_INT_CONVERSION = YES;
				CLANG_WARN_OBJC_ROOT_CLASS = YES_ERROR;
				CLANG_WARN_UNREACHABLE_CODE = YES;
				CLANG_WARN__DUPLICATE_METHOD_MATCH = YES;
				"CODE_SIGN_IDENTITY[sdk=iphoneos*]" = "iPhone Distribution";
				COPY_PHASE_STRIP = NO;
				DEBUG_INFORMATION_FORMAT = dwarf;
				ENABLE_STRICT_OBJC_MSGSEND = YES;
				ENABLE_TESTABILITY = YES;
				GCC_C_LANGUAGE_STANDARD = gnu99;
				GCC_DYNAMIC_NO_PIC = NO;
				GCC_NO_COMMON_BLOCKS = YES;
				GCC_OPTIMIZATION_LEVEL = 0;
				GCC_PREPROCESSOR_DEFINITIONS = (
					"DEBUG=1",
					"$(inherited)",
				);
				GCC_WARN_64_TO_32_BIT_CONVERSION = YES;
				GCC_WARN_ABOUT_RETURN_TYPE = YES_ERROR;
				GCC_WARN_UNDECLARED_SELECTOR = YES;
				GCC_WARN_UNINITIALIZED_AUTOS = YES_AGGRESSIVE;
				GCC_WARN_UNUSED_FUNCTION = YES;
				GCC_WARN_UNUSED_VARIABLE = YES;
				IPHONEOS_DEPLOYMENT_TARGET = 9.2;
				MTL_ENABLE_DEBUG_INFO = YES;
				New_Setting = "";
				ONLY_ACTIVE_ARCH = YES;
				OTHER_LDFLAGS = "";
				SDKROOT = iphoneos;
				SWIFT_OPTIMIZATION_LEVEL = "-Onone";
			};
			name = Debug;
		};
		5A0CDF461C731EDA008DA29C /* Release */ = {
			isa = XCBuildConfiguration;
			buildSettings = {
				ALWAYS_SEARCH_USER_PATHS = NO;
				CLANG_CXX_LANGUAGE_STANDARD = "gnu++0x";
				CLANG_CXX_LIBRARY = "libc++";
				CLANG_ENABLE_MODULES = YES;
				CLANG_ENABLE_OBJC_ARC = YES;
				CLANG_WARN_BOOL_CONVERSION = YES;
				CLANG_WARN_CONSTANT_CONVERSION = YES;
				CLANG_WARN_DIRECT_OBJC_ISA_USAGE = YES_ERROR;
				CLANG_WARN_EMPTY_BODY = YES;
				CLANG_WARN_ENUM_CONVERSION = YES;
				CLANG_WARN_INT_CONVERSION = YES;
				CLANG_WARN_OBJC_ROOT_CLASS = YES_ERROR;
				CLANG_WARN_UNREACHABLE_CODE = YES;
				CLANG_WARN__DUPLICATE_METHOD_MATCH = YES;
				CODE_SIGN_IDENTITY = "iPhone Distribution: tsubasa Takahashi (K67RF9GL72)";
				"CODE_SIGN_IDENTITY[sdk=iphoneos*]" = "";
				COPY_PHASE_STRIP = NO;
				DEBUG_INFORMATION_FORMAT = "dwarf-with-dsym";
				ENABLE_NS_ASSERTIONS = NO;
				ENABLE_STRICT_OBJC_MSGSEND = YES;
				GCC_C_LANGUAGE_STANDARD = gnu99;
				GCC_NO_COMMON_BLOCKS = YES;
				GCC_WARN_64_TO_32_BIT_CONVERSION = YES;
				GCC_WARN_ABOUT_RETURN_TYPE = YES_ERROR;
				GCC_WARN_UNDECLARED_SELECTOR = YES;
				GCC_WARN_UNINITIALIZED_AUTOS = YES_AGGRESSIVE;
				GCC_WARN_UNUSED_FUNCTION = YES;
				GCC_WARN_UNUSED_VARIABLE = YES;
				IPHONEOS_DEPLOYMENT_TARGET = 9.2;
				MTL_ENABLE_DEBUG_INFO = NO;
				New_Setting = "";
				OTHER_LDFLAGS = "";
				PROVISIONING_PROFILE = "cc355751-e898-4cd5-ab57-952736ea5340";
				SDKROOT = iphoneos;
				VALIDATE_PRODUCT = YES;
			};
			name = Release;
		};
		5A0CDF481C731EDA008DA29C /* Debug */ = {
			isa = XCBuildConfiguration;
			buildSettings = {
				ASSETCATALOG_COMPILER_APPICON_NAME = AppIcon;
				CODE_SIGN_IDENTITY = "iPhone Developer";
				"CODE_SIGN_IDENTITY[sdk=iphoneos*]" = "iPhone Developer";
				EMBEDDED_CONTENT_CONTAINS_SWIFT = YES;
				ENABLE_BITCODE = NO;
				FRAMEWORK_SEARCH_PATHS = "$(PROJECT_DIR)/GoogleMobileAdsSdkiOS-7.8.0";
				INFOPLIST_FILE = myApp/Info.plist;
				IPHONEOS_DEPLOYMENT_TARGET = 9.0;
				LD_RUNPATH_SEARCH_PATHS = "$(inherited) @executable_path/Frameworks";
				New_Setting1 = "";
				New_Setting2 = "";
				OTHER_LDFLAGS = "-ObjC";
				PRODUCT_BUNDLE_IDENTIFIER = com.tsubasaheihotakahashi.mios;
				PRODUCT_NAME = "$(TARGET_NAME)";
				PROVISIONING_PROFILE = "";
				SWIFT_OBJC_BRIDGING_HEADER = "$(SRCROOT)/$(PROJECT)/Header.h";
			};
			name = Debug;
		};
		5A0CDF491C731EDA008DA29C /* Release */ = {
			isa = XCBuildConfiguration;
			buildSettings = {
				ASSETCATALOG_COMPILER_APPICON_NAME = AppIcon;
				CODE_SIGN_IDENTITY = "iPhone Developer";
				"CODE_SIGN_IDENTITY[sdk=iphoneos*]" = "iPhone Developer";
				EMBEDDED_CONTENT_CONTAINS_SWIFT = YES;
				ENABLE_BITCODE = NO;
				FRAMEWORK_SEARCH_PATHS = "$(PROJECT_DIR)/GoogleMobileAdsSdkiOS-7.8.0";
				INFOPLIST_FILE = myApp/Info.plist;
				IPHONEOS_DEPLOYMENT_TARGET = 9.0;
				LD_RUNPATH_SEARCH_PATHS = "$(inherited) @executable_path/Frameworks";
				New_Setting1 = "";
				New_Setting2 = "";
				OTHER_LDFLAGS = "-ObjC";
				PRODUCT_BUNDLE_IDENTIFIER = com.tsubasaheihotakahashi.mios;
				PRODUCT_NAME = "$(TARGET_NAME)";
				PROVISIONING_PROFILE = "";
				SWIFT_OBJC_BRIDGING_HEADER = "$(SRCROOT)/$(PROJECT)/Header.h";
			};
			name = Release;
		};
		5A0CDF4B1C731EDA008DA29C /* Debug */ = {
			isa = XCBuildConfiguration;
			buildSettings = {
				BUNDLE_LOADER = "$(TEST_HOST)";
				INFOPLIST_FILE = myAppTests/Info.plist;
				LD_RUNPATH_SEARCH_PATHS = "$(inherited) @executable_path/Frameworks @loader_path/Frameworks";
				PRODUCT_BUNDLE_IDENTIFIER = com.tsubasatakahashi.myAppTests;
				PRODUCT_NAME = "$(TARGET_NAME)";
				TEST_HOST = "$(BUILT_PRODUCTS_DIR)/myApp.app/myApp";
			};
			name = Debug;
		};
		5A0CDF4C1C731EDA008DA29C /* Release */ = {
			isa = XCBuildConfiguration;
			buildSettings = {
				BUNDLE_LOADER = "$(TEST_HOST)";
				INFOPLIST_FILE = myAppTests/Info.plist;
				LD_RUNPATH_SEARCH_PATHS = "$(inherited) @executable_path/Frameworks @loader_path/Frameworks";
				PRODUCT_BUNDLE_IDENTIFIER = com.tsubasatakahashi.myAppTests;
				PRODUCT_NAME = "$(TARGET_NAME)";
				TEST_HOST = "$(BUILT_PRODUCTS_DIR)/myApp.app/myApp";
			};
			name = Release;
		};
		5A0CDF4E1C731EDA008DA29C /* Debug */ = {
			isa = XCBuildConfiguration;
			buildSettings = {
				INFOPLIST_FILE = myAppUITests/Info.plist;
				LD_RUNPATH_SEARCH_PATHS = "$(inherited) @executable_path/Frameworks @loader_path/Frameworks";
				PRODUCT_BUNDLE_IDENTIFIER = com.tsubasatakahashi.myAppUITests;
				PRODUCT_NAME = "$(TARGET_NAME)";
				TEST_TARGET_NAME = myApp;
				USES_XCTRUNNER = YES;
			};
			name = Debug;
		};
		5A0CDF4F1C731EDA008DA29C /* Release */ = {
			isa = XCBuildConfiguration;
			buildSettings = {
				INFOPLIST_FILE = myAppUITests/Info.plist;
				LD_RUNPATH_SEARCH_PATHS = "$(inherited) @executable_path/Frameworks @loader_path/Frameworks";
				PRODUCT_BUNDLE_IDENTIFIER = com.tsubasatakahashi.myAppUITests;
				PRODUCT_NAME = "$(TARGET_NAME)";
				TEST_TARGET_NAME = myApp;
				USES_XCTRUNNER = YES;
			};
			name = Release;
		};
/* End XCBuildConfiguration section */

/* Begin XCConfigurationList section */
		5A0CDF171C731ED9008DA29C /* Build configuration list for PBXProject "myApp" */ = {
			isa = XCConfigurationList;
			buildConfigurations = (
				5A0CDF451C731EDA008DA29C /* Debug */,
				5A0CDF461C731EDA008DA29C /* Release */,
			);
			defaultConfigurationIsVisible = 0;
			defaultConfigurationName = Release;
		};
		5A0CDF471C731EDA008DA29C /* Build configuration list for PBXNativeTarget "myApp" */ = {
			isa = XCConfigurationList;
			buildConfigurations = (
				5A0CDF481C731EDA008DA29C /* Debug */,
				5A0CDF491C731EDA008DA29C /* Release */,
			);
			defaultConfigurationIsVisible = 0;
			defaultConfigurationName = Release;
		};
		5A0CDF4A1C731EDA008DA29C /* Build configuration list for PBXNativeTarget "myAppTests" */ = {
			isa = XCConfigurationList;
			buildConfigurations = (
				5A0CDF4B1C731EDA008DA29C /* Debug */,
				5A0CDF4C1C731EDA008DA29C /* Release */,
			);
			defaultConfigurationIsVisible = 0;
			defaultConfigurationName = Release;
		};
		5A0CDF4D1C731EDA008DA29C /* Build configuration list for PBXNativeTarget "myAppUITests" */ = {
			isa = XCConfigurationList;
			buildConfigurations = (
				5A0CDF4E1C731EDA008DA29C /* Debug */,
				5A0CDF4F1C731EDA008DA29C /* Release */,
			);
			defaultConfigurationIsVisible = 0;
			defaultConfigurationName = Release;
		};
/* End XCConfigurationList section */

/* Begin XCVersionGroup section */
		5A0CDF261C731EDA008DA29C /* myApp.xcdatamodeld */ = {
			isa = XCVersionGroup;
			children = (
				5A0CDF271C731EDA008DA29C /* myApp.xcdatamodel */,
			);
			currentVersion = 5A0CDF271C731EDA008DA29C /* myApp.xcdatamodel */;
			path = myApp.xcdatamodeld;
			sourceTree = "<group>";
			versionGroupType = wrapper.xcdatamodel;
		};
/* End XCVersionGroup section */
	};
	rootObject = 5A0CDF141C731ED9008DA29C /* Project object */;
}
